// !$*UTF8*$!
{
	archiveVersion = 1;
	classes = {
	};
	objectVersion = 50;
	objects = {

/* Begin PBXBuildFile section */
		AE590B8726779E2B000101AF /* SocialNetworkService.swift in Sources */ = {isa = PBXBuildFile; fileRef = AE590B8626779E2B000101AF /* SocialNetworkService.swift */; };
		AE590B8926779E7F000101AF /* UserNotificationService.swift in Sources */ = {isa = PBXBuildFile; fileRef = AE590B8826779E7F000101AF /* UserNotificationService.swift */; };
		EF2549C42678EFBE009CD79D /* ProfileView.swift in Sources */ = {isa = PBXBuildFile; fileRef = EF2549C32678EFBE009CD79D /* ProfileView.swift */; };
		EF30C36026779A9A00DB7644 /* MarketeirosApp.swift in Sources */ = {isa = PBXBuildFile; fileRef = EF30C35F26779A9A00DB7644 /* MarketeirosApp.swift */; };
		EF30C36226779A9A00DB7644 /* ContentView.swift in Sources */ = {isa = PBXBuildFile; fileRef = EF30C36126779A9A00DB7644 /* ContentView.swift */; };
		EF30C36426779A9A00DB7644 /* Assets.xcassets in Resources */ = {isa = PBXBuildFile; fileRef = EF30C36326779A9A00DB7644 /* Assets.xcassets */; };
		EF30C36726779A9A00DB7644 /* Preview Assets.xcassets in Resources */ = {isa = PBXBuildFile; fileRef = EF30C36626779A9A00DB7644 /* Preview Assets.xcassets */; };
/* End PBXBuildFile section */

/* Begin PBXFileReference section */
		AE590B8626779E2B000101AF /* SocialNetworkService.swift */ = {isa = PBXFileReference; lastKnownFileType = sourcecode.swift; path = SocialNetworkService.swift; sourceTree = "<group>"; };
		AE590B8826779E7F000101AF /* UserNotificationService.swift */ = {isa = PBXFileReference; lastKnownFileType = sourcecode.swift; path = UserNotificationService.swift; sourceTree = "<group>"; };
		EF2549C32678EFBE009CD79D /* ProfileView.swift */ = {isa = PBXFileReference; lastKnownFileType = sourcecode.swift; name = ProfileView.swift; path = Scenes/Profile/ProfileView.swift; sourceTree = SOURCE_ROOT; };
		EF30C35C26779A9A00DB7644 /* Marketeiros.app */ = {isa = PBXFileReference; explicitFileType = wrapper.application; includeInIndex = 0; path = Marketeiros.app; sourceTree = BUILT_PRODUCTS_DIR; };
		EF30C35F26779A9A00DB7644 /* MarketeirosApp.swift */ = {isa = PBXFileReference; lastKnownFileType = sourcecode.swift; path = MarketeirosApp.swift; sourceTree = "<group>"; };
		EF30C36126779A9A00DB7644 /* ContentView.swift */ = {isa = PBXFileReference; lastKnownFileType = sourcecode.swift; path = ContentView.swift; sourceTree = "<group>"; };
		EF30C36326779A9A00DB7644 /* Assets.xcassets */ = {isa = PBXFileReference; lastKnownFileType = folder.assetcatalog; path = Assets.xcassets; sourceTree = "<group>"; };
		EF30C36626779A9A00DB7644 /* Preview Assets.xcassets */ = {isa = PBXFileReference; lastKnownFileType = folder.assetcatalog; path = "Preview Assets.xcassets"; sourceTree = "<group>"; };
		EF30C36826779A9B00DB7644 /* Info.plist */ = {isa = PBXFileReference; lastKnownFileType = text.plist.xml; path = Info.plist; sourceTree = "<group>"; };
/* End PBXFileReference section */

/* Begin PBXFrameworksBuildPhase section */
		EF30C35926779A9A00DB7644 /* Frameworks */ = {
			isa = PBXFrameworksBuildPhase;
			buildActionMask = 2147483647;
			files = (
			);
			runOnlyForDeploymentPostprocessing = 0;
		};
/* End PBXFrameworksBuildPhase section */

/* Begin PBXGroup section */
		AE590B8326779DA4000101AF /* Domain */ = {
			isa = PBXGroup;
			children = (
				AE5B704F2678EB1A00AFF32E /* Models */,
				AE590B8526779DC2000101AF /* Services */,
			);
			path = Domain;
			sourceTree = "<group>";
		};
		AE590B8526779DC2000101AF /* Services */ = {
			isa = PBXGroup;
			children = (
				AE590B8626779E2B000101AF /* SocialNetworkService.swift */,
				AE590B8826779E7F000101AF /* UserNotificationService.swift */,
			);
			path = Services;
			sourceTree = "<group>";
		};
		AE5B704A2678EAD400AFF32E /* UI */ = {
			isa = PBXGroup;
			children = (
				AE5B704B2678EAE000AFF32E /* Scenes */,
			);
			path = UI;
			sourceTree = "<group>";
		};
		AE5B704B2678EAE000AFF32E /* Scenes */ = {
			isa = PBXGroup;
			children = (
				EF2549C22678EF39009CD79D /* Profile */,
			);
			path = Scenes;
			sourceTree = "<group>";
		};
		AE5B704D2678EAF900AFF32E /* Data */ = {
			isa = PBXGroup;
			children = (
				AE5B704E2678EB0700AFF32E /* Repositories */,
			);
			path = Data;
			sourceTree = "<group>";
		};
		AE5B704E2678EB0700AFF32E /* Repositories */ = {
			isa = PBXGroup;
			children = (
			);
			path = Repositories;
			sourceTree = "<group>";
		};
		AE5B704F2678EB1A00AFF32E /* Models */ = {
			isa = PBXGroup;
			children = (
			);
			path = Models;
			sourceTree = "<group>";
		};
		EF2549C22678EF39009CD79D /* Profile */ = {
			isa = PBXGroup;
			children = (
				EF2549C32678EFBE009CD79D /* ProfileView.swift */,
			);
			path = Profile;
			sourceTree = "<group>";
		};
		EF30C35326779A9A00DB7644 = {
			isa = PBXGroup;
			children = (
				EF30C35E26779A9A00DB7644 /* Marketeiros */,
				EF30C35D26779A9A00DB7644 /* Products */,
			);
			sourceTree = "<group>";
		};
		EF30C35D26779A9A00DB7644 /* Products */ = {
			isa = PBXGroup;
			children = (
				EF30C35C26779A9A00DB7644 /* Marketeiros.app */,
			);
			name = Products;
			sourceTree = "<group>";
		};
		EF30C35E26779A9A00DB7644 /* Marketeiros */ = {
			isa = PBXGroup;
			children = (
				AE5B704D2678EAF900AFF32E /* Data */,
				AE5B704A2678EAD400AFF32E /* UI */,
				AE590B8326779DA4000101AF /* Domain */,
				EF30C35F26779A9A00DB7644 /* MarketeirosApp.swift */,
				EF30C36126779A9A00DB7644 /* ContentView.swift */,
				EF30C36326779A9A00DB7644 /* Assets.xcassets */,
				EF30C36826779A9B00DB7644 /* Info.plist */,
				EF30C36526779A9A00DB7644 /* Preview Content */,
			);
			path = Marketeiros;
			sourceTree = "<group>";
		};
		EF30C36526779A9A00DB7644 /* Preview Content */ = {
			isa = PBXGroup;
			children = (
				EF30C36626779A9A00DB7644 /* Preview Assets.xcassets */,
			);
			path = "Preview Content";
			sourceTree = "<group>";
		};
/* End PBXGroup section */

/* Begin PBXNativeTarget section */
		EF30C35B26779A9A00DB7644 /* Marketeiros */ = {
			isa = PBXNativeTarget;
			buildConfigurationList = EF30C36B26779A9B00DB7644 /* Build configuration list for PBXNativeTarget "Marketeiros" */;
			buildPhases = (
				EF30C35826779A9A00DB7644 /* Sources */,
				EF30C35926779A9A00DB7644 /* Frameworks */,
				EF30C35A26779A9A00DB7644 /* Resources */,
			);
			buildRules = (
			);
			dependencies = (
			);
			name = Marketeiros;
			productName = Marketeiros;
			productReference = EF30C35C26779A9A00DB7644 /* Marketeiros.app */;
			productType = "com.apple.product-type.application";
		};
/* End PBXNativeTarget section */

/* Begin PBXProject section */
		EF30C35426779A9A00DB7644 /* Project object */ = {
			isa = PBXProject;
			attributes = {
				LastSwiftUpdateCheck = 1220;
				LastUpgradeCheck = 1220;
				TargetAttributes = {
					EF30C35B26779A9A00DB7644 = {
						CreatedOnToolsVersion = 12.2;
					};
				};
			};
			buildConfigurationList = EF30C35726779A9A00DB7644 /* Build configuration list for PBXProject "Marketeiros" */;
			compatibilityVersion = "Xcode 9.3";
			developmentRegion = en;
			hasScannedForEncodings = 0;
			knownRegions = (
				en,
				Base,
			);
			mainGroup = EF30C35326779A9A00DB7644;
			productRefGroup = EF30C35D26779A9A00DB7644 /* Products */;
			projectDirPath = "";
			projectRoot = "";
			targets = (
				EF30C35B26779A9A00DB7644 /* Marketeiros */,
			);
		};
/* End PBXProject section */

/* Begin PBXResourcesBuildPhase section */
		EF30C35A26779A9A00DB7644 /* Resources */ = {
			isa = PBXResourcesBuildPhase;
			buildActionMask = 2147483647;
			files = (
				EF30C36726779A9A00DB7644 /* Preview Assets.xcassets in Resources */,
				EF30C36426779A9A00DB7644 /* Assets.xcassets in Resources */,
			);
			runOnlyForDeploymentPostprocessing = 0;
		};
/* End PBXResourcesBuildPhase section */

/* Begin PBXSourcesBuildPhase section */
		EF30C35826779A9A00DB7644 /* Sources */ = {
			isa = PBXSourcesBuildPhase;
			buildActionMask = 2147483647;
			files = (
				EF30C36226779A9A00DB7644 /* ContentView.swift in Sources */,
				EF30C36026779A9A00DB7644 /* MarketeirosApp.swift in Sources */,
				EF2549C42678EFBE009CD79D /* ProfileView.swift in Sources */,
				AE590B8726779E2B000101AF /* SocialNetworkService.swift in Sources */,
				AE590B8926779E7F000101AF /* UserNotificationService.swift in Sources */,
			);
			runOnlyForDeploymentPostprocessing = 0;
		};
/* End PBXSourcesBuildPhase section */

/* Begin XCBuildConfiguration section */
		EF30C36926779A9B00DB7644 /* Debug */ = {
			isa = XCBuildConfiguration;
			buildSettings = {
				ALWAYS_SEARCH_USER_PATHS = NO;
				CLANG_ANALYZER_NONNULL = YES;
				CLANG_ANALYZER_NUMBER_OBJECT_CONVERSION = YES_AGGRESSIVE;
				CLANG_CXX_LANGUAGE_STANDARD = "gnu++14";
				CLANG_CXX_LIBRARY = "libc++";
				CLANG_ENABLE_MODULES = YES;
				CLANG_ENABLE_OBJC_ARC = YES;
				CLANG_ENABLE_OBJC_WEAK = YES;
				CLANG_WARN_BLOCK_CAPTURE_AUTORELEASING = YES;
				CLANG_WARN_BOOL_CONVERSION = YES;
				CLANG_WARN_COMMA = YES;
				CLANG_WARN_CONSTANT_CONVERSION = YES;
				CLANG_WARN_DEPRECATED_OBJC_IMPLEMENTATIONS = YES;
				CLANG_WARN_DIRECT_OBJC_ISA_USAGE = YES_ERROR;
				CLANG_WARN_DOCUMENTATION_COMMENTS = YES;
				CLANG_WARN_EMPTY_BODY = YES;
				CLANG_WARN_ENUM_CONVERSION = YES;
				CLANG_WARN_INFINITE_RECURSION = YES;
				CLANG_WARN_INT_CONVERSION = YES;
				CLANG_WARN_NON_LITERAL_NULL_CONVERSION = YES;
				CLANG_WARN_OBJC_IMPLICIT_RETAIN_SELF = YES;
				CLANG_WARN_OBJC_LITERAL_CONVERSION = YES;
				CLANG_WARN_OBJC_ROOT_CLASS = YES_ERROR;
				CLANG_WARN_QUOTED_INCLUDE_IN_FRAMEWORK_HEADER = YES;
				CLANG_WARN_RANGE_LOOP_ANALYSIS = YES;
				CLANG_WARN_STRICT_PROTOTYPES = YES;
				CLANG_WARN_SUSPICIOUS_MOVE = YES;
				CLANG_WARN_UNGUARDED_AVAILABILITY = YES_AGGRESSIVE;
				CLANG_WARN_UNREACHABLE_CODE = YES;
				CLANG_WARN__DUPLICATE_METHOD_MATCH = YES;
				COPY_PHASE_STRIP = NO;
				DEBUG_INFORMATION_FORMAT = dwarf;
				ENABLE_STRICT_OBJC_MSGSEND = YES;
				ENABLE_TESTABILITY = YES;
				GCC_C_LANGUAGE_STANDARD = gnu11;
				GCC_DYNAMIC_NO_PIC = NO;
				GCC_NO_COMMON_BLOCKS = YES;
				GCC_OPTIMIZATION_LEVEL = 0;
				GCC_PREPROCESSOR_DEFINITIONS = (
					"DEBUG=1",
					"$(inherited)",
				);
				GCC_WARN_64_TO_32_BIT_CONVERSION = YES;
				GCC_WARN_ABOUT_RETURN_TYPE = YES_ERROR;
				GCC_WARN_UNDECLARED_SELECTOR = YES;
				GCC_WARN_UNINITIALIZED_AUTOS = YES_AGGRESSIVE;
				GCC_WARN_UNUSED_FUNCTION = YES;
				GCC_WARN_UNUSED_VARIABLE = YES;
				IPHONEOS_DEPLOYMENT_TARGET = 14.2;
				MTL_ENABLE_DEBUG_INFO = INCLUDE_SOURCE;
				MTL_FAST_MATH = YES;
				ONLY_ACTIVE_ARCH = YES;
				SDKROOT = iphoneos;
				SWIFT_ACTIVE_COMPILATION_CONDITIONS = DEBUG;
				SWIFT_OPTIMIZATION_LEVEL = "-Onone";
			};
			name = Debug;
		};
		EF30C36A26779A9B00DB7644 /* Release */ = {
			isa = XCBuildConfiguration;
			buildSettings = {
				ALWAYS_SEARCH_USER_PATHS = NO;
				CLANG_ANALYZER_NONNULL = YES;
				CLANG_ANALYZER_NUMBER_OBJECT_CONVERSION = YES_AGGRESSIVE;
				CLANG_CXX_LANGUAGE_STANDARD = "gnu++14";
				CLANG_CXX_LIBRARY = "libc++";
				CLANG_ENABLE_MODULES = YES;
				CLANG_ENABLE_OBJC_ARC = YES;
				CLANG_ENABLE_OBJC_WEAK = YES;
				CLANG_WARN_BLOCK_CAPTURE_AUTORELEASING = YES;
				CLANG_WARN_BOOL_CONVERSION = YES;
				CLANG_WARN_COMMA = YES;
				CLANG_WARN_CONSTANT_CONVERSION = YES;
				CLANG_WARN_DEPRECATED_OBJC_IMPLEMENTATIONS = YES;
				CLANG_WARN_DIRECT_OBJC_ISA_USAGE = YES_ERROR;
				CLANG_WARN_DOCUMENTATION_COMMENTS = YES;
				CLANG_WARN_EMPTY_BODY = YES;
				CLANG_WARN_ENUM_CONVERSION = YES;
				CLANG_WARN_INFINITE_RECURSION = YES;
				CLANG_WARN_INT_CONVERSION = YES;
				CLANG_WARN_NON_LITERAL_NULL_CONVERSION = YES;
				CLANG_WARN_OBJC_IMPLICIT_RETAIN_SELF = YES;
				CLANG_WARN_OBJC_LITERAL_CONVERSION = YES;
				CLANG_WARN_OBJC_ROOT_CLASS = YES_ERROR;
				CLANG_WARN_QUOTED_INCLUDE_IN_FRAMEWORK_HEADER = YES;
				CLANG_WARN_RANGE_LOOP_ANALYSIS = YES;
				CLANG_WARN_STRICT_PROTOTYPES = YES;
				CLANG_WARN_SUSPICIOUS_MOVE = YES;
				CLANG_WARN_UNGUARDED_AVAILABILITY = YES_AGGRESSIVE;
				CLANG_WARN_UNREACHABLE_CODE = YES;
				CLANG_WARN__DUPLICATE_METHOD_MATCH = YES;
				COPY_PHASE_STRIP = NO;
				DEBUG_INFORMATION_FORMAT = "dwarf-with-dsym";
				ENABLE_NS_ASSERTIONS = NO;
				ENABLE_STRICT_OBJC_MSGSEND = YES;
				GCC_C_LANGUAGE_STANDARD = gnu11;
				GCC_NO_COMMON_BLOCKS = YES;
				GCC_WARN_64_TO_32_BIT_CONVERSION = YES;
				GCC_WARN_ABOUT_RETURN_TYPE = YES_ERROR;
				GCC_WARN_UNDECLARED_SELECTOR = YES;
				GCC_WARN_UNINITIALIZED_AUTOS = YES_AGGRESSIVE;
				GCC_WARN_UNUSED_FUNCTION = YES;
				GCC_WARN_UNUSED_VARIABLE = YES;
				IPHONEOS_DEPLOYMENT_TARGET = 14.2;
				MTL_ENABLE_DEBUG_INFO = NO;
				MTL_FAST_MATH = YES;
				SDKROOT = iphoneos;
				SWIFT_COMPILATION_MODE = wholemodule;
				SWIFT_OPTIMIZATION_LEVEL = "-O";
				VALIDATE_PRODUCT = YES;
			};
			name = Release;
		};
		EF30C36C26779A9B00DB7644 /* Debug */ = {
			isa = XCBuildConfiguration;
			buildSettings = {
				ASSETCATALOG_COMPILER_APPICON_NAME = AppIcon;
				ASSETCATALOG_COMPILER_GLOBAL_ACCENT_COLOR_NAME = AccentColor;
				CODE_SIGN_STYLE = Automatic;
				DEVELOPMENT_ASSET_PATHS = "\"Marketeiros/Preview Content\"";
				DEVELOPMENT_TEAM = Y22Z44SKH8;
				ENABLE_PREVIEWS = YES;
				INFOPLIST_FILE = Marketeiros/Info.plist;
				IPHONEOS_DEPLOYMENT_TARGET = 14.0;
				LD_RUNPATH_SEARCH_PATHS = (
					"$(inherited)",
					"@executable_path/Frameworks",
				);
				PRODUCT_BUNDLE_IDENTIFIER = ingratope.Marketeiros;
				PRODUCT_NAME = "$(TARGET_NAME)";
				SWIFT_VERSION = 5.0;
				TARGETED_DEVICE_FAMILY = "1,2";
			};
			name = Debug;
		};
		EF30C36D26779A9B00DB7644 /* Release */ = {
			isa = XCBuildConfiguration;
			buildSettings = {
				ASSETCATALOG_COMPILER_APPICON_NAME = AppIcon;
				ASSETCATALOG_COMPILER_GLOBAL_ACCENT_COLOR_NAME = AccentColor;
				CODE_SIGN_STYLE = Automatic;
				DEVELOPMENT_ASSET_PATHS = "\"Marketeiros/Preview Content\"";
				DEVELOPMENT_TEAM = Y22Z44SKH8;
				ENABLE_PREVIEWS = YES;
				INFOPLIST_FILE = Marketeiros/Info.plist;
				IPHONEOS_DEPLOYMENT_TARGET = 14.0;
				LD_RUNPATH_SEARCH_PATHS = (
					"$(inherited)",
					"@executable_path/Frameworks",
				);
				PRODUCT_BUNDLE_IDENTIFIER = ingratope.Marketeiros;
				PRODUCT_NAME = "$(TARGET_NAME)";
				SWIFT_VERSION = 5.0;
				TARGETED_DEVICE_FAMILY = "1,2";
			};
			name = Release;
		};
/* End XCBuildConfiguration section */

/* Begin XCConfigurationList section */
		EF30C35726779A9A00DB7644 /* Build configuration list for PBXProject "Marketeiros" */ = {
			isa = XCConfigurationList;
			buildConfigurations = (
				EF30C36926779A9B00DB7644 /* Debug */,
				EF30C36A26779A9B00DB7644 /* Release */,
			);
			defaultConfigurationIsVisible = 0;
			defaultConfigurationName = Release;
		};
		EF30C36B26779A9B00DB7644 /* Build configuration list for PBXNativeTarget "Marketeiros" */ = {
			isa = XCConfigurationList;
			buildConfigurations = (
				EF30C36C26779A9B00DB7644 /* Debug */,
				EF30C36D26779A9B00DB7644 /* Release */,
			);
			defaultConfigurationIsVisible = 0;
			defaultConfigurationName = Release;
		};
/* End XCConfigurationList section */
	};
	rootObject = EF30C35426779A9A00DB7644 /* Project object */;
}
