// !$*UTF8*$!
{
	archiveVersion = 1;
	classes = {
	};
	objectVersion = 51;
	objects = {

/* Begin PBXBuildFile section */
		79034D0A2695DA5200AE97EA /* DragRelocateDelegate.swift in Sources */ = {isa = PBXBuildFile; fileRef = 79034D092695DA5200AE97EA /* DragRelocateDelegate.swift */; };
		79034D0C269634CC00AE97EA /* UIApplicationExtension.swift in Sources */ = {isa = PBXBuildFile; fileRef = 79034D0B269634CC00AE97EA /* UIApplicationExtension.swift */; };
		79034D14269C701300AE97EA /* Localizable.strings in Resources */ = {isa = PBXBuildFile; fileRef = 79034D16269C701300AE97EA /* Localizable.strings */; };
		79098F93268E189B0033B758 /* UIImageExtension.swift in Sources */ = {isa = PBXBuildFile; fileRef = 79098F92268E189B0033B758 /* UIImageExtension.swift */; };
		7913D51C26C40DFA008EA7C1 /* ErrorMissingInformation.swift in Sources */ = {isa = PBXBuildFile; fileRef = 7913D51B26C40DFA008EA7C1 /* ErrorMissingInformation.swift */; };
		792CCD27267CE79300E5BDE9 /* NewBoardSheet.swift in Sources */ = {isa = PBXBuildFile; fileRef = 792CCD26267CE79300E5BDE9 /* NewBoardSheet.swift */; };
		793F903E26D7E8AC00436B44 /* AddProfileView.swift in Sources */ = {isa = PBXBuildFile; fileRef = 793F903D26D7E8AC00436B44 /* AddProfileView.swift */; };
		793F904026D7EA7A00436B44 /* Error6charecterPasswd.swift in Sources */ = {isa = PBXBuildFile; fileRef = 793F903F26D7EA7A00436B44 /* Error6charecterPasswd.swift */; };
		794E0D4126D6761E00EE14E2 /* OnboardingP1.swift in Sources */ = {isa = PBXBuildFile; fileRef = 794E0D4026D6761E00EE14E2 /* OnboardingP1.swift */; };
		794E0D4326D698B500EE14E2 /* OnboardingP2.swift in Sources */ = {isa = PBXBuildFile; fileRef = 794E0D4226D698B500EE14E2 /* OnboardingP2.swift */; };
		794E0D4526D69B7D00EE14E2 /* OnboardingP3.swift in Sources */ = {isa = PBXBuildFile; fileRef = 794E0D4426D69B7D00EE14E2 /* OnboardingP3.swift */; };
		794E0D4726D7CEB100EE14E2 /* OnboardingPageView.swift in Sources */ = {isa = PBXBuildFile; fileRef = 794E0D4626D7CEB100EE14E2 /* OnboardingPageView.swift */; };
		795AB138267A30A3006308B5 /* BoardView.swift in Sources */ = {isa = PBXBuildFile; fileRef = 795AB137267A30A3006308B5 /* BoardView.swift */; };
		795AB13C267A3CCB006308B5 /* BoardCell.swift in Sources */ = {isa = PBXBuildFile; fileRef = 795AB13B267A3CCB006308B5 /* BoardCell.swift */; };
		795AB13E267B8D37006308B5 /* IdeaCell.swift in Sources */ = {isa = PBXBuildFile; fileRef = 795AB13D267B8D37006308B5 /* IdeaCell.swift */; };
		795E180326BC253900EEE63B /* LoadingPhotosView.swift in Sources */ = {isa = PBXBuildFile; fileRef = 795E180226BC253900EEE63B /* LoadingPhotosView.swift */; };
		795E180526BC3B5D00EEE63B /* LoadingPost.swift in Sources */ = {isa = PBXBuildFile; fileRef = 795E180426BC3B5D00EEE63B /* LoadingPost.swift */; };
		795E180726BC3CC400EEE63B /* ErrorMessage.swift in Sources */ = {isa = PBXBuildFile; fileRef = 795E180626BC3CC400EEE63B /* ErrorMessage.swift */; };
		79747F60269348B7004BAAC9 /* LoginView.swift in Sources */ = {isa = PBXBuildFile; fileRef = 79747F5F269348B7004BAAC9 /* LoginView.swift */; };
		79747F62269362EB004BAAC9 /* RegisterView.swift in Sources */ = {isa = PBXBuildFile; fileRef = 79747F61269362EB004BAAC9 /* RegisterView.swift */; };
		798C8A6A26A85C500031F9DA /* NewPostDetailsView.swift in Sources */ = {isa = PBXBuildFile; fileRef = 798C8A6926A85C500031F9DA /* NewPostDetailsView.swift */; };
		79AC0D3E2689FFCB00064670 /* InsideBoardView.swift in Sources */ = {isa = PBXBuildFile; fileRef = 79AC0D3D2689FFCB00064670 /* InsideBoardView.swift */; };
		AE119B5E268EC0B400327D39 /* PostDetailsView.swift in Sources */ = {isa = PBXBuildFile; fileRef = AE119B5D268EC0B400327D39 /* PostDetailsView.swift */; };
		AE119B60268EC0D000327D39 /* PostDetailsViewModel.swift in Sources */ = {isa = PBXBuildFile; fileRef = AE119B5F268EC0D000327D39 /* PostDetailsViewModel.swift */; };
		AE119B62268EC0FD00327D39 /* FirebaseImage.swift in Sources */ = {isa = PBXBuildFile; fileRef = AE119B61268EC0FC00327D39 /* FirebaseImage.swift */; };
		AE21A9FF268BC0BF00AF3797 /* NewBoardViewModel.swift in Sources */ = {isa = PBXBuildFile; fileRef = AE21A9FE268BC0BF00AF3797 /* NewBoardViewModel.swift */; };
		AE21AA01268BDB4D00AF3797 /* BoardListViewModel.swift in Sources */ = {isa = PBXBuildFile; fileRef = AE21AA00268BDB4D00AF3797 /* BoardListViewModel.swift */; };
		AE247DE126AB12AC0059CBEB /* MonthDaysView.swift in Sources */ = {isa = PBXBuildFile; fileRef = AE247DD826AB12AC0059CBEB /* MonthDaysView.swift */; };
		AE247DE226AB12AC0059CBEB /* DayOfMonth.swift in Sources */ = {isa = PBXBuildFile; fileRef = AE247DDA26AB12AC0059CBEB /* DayOfMonth.swift */; };
		AE247DE326AB12AC0059CBEB /* MonthView.swift in Sources */ = {isa = PBXBuildFile; fileRef = AE247DDB26AB12AC0059CBEB /* MonthView.swift */; };
		AE247DE426AB12AC0059CBEB /* MonthYserPicker.swift in Sources */ = {isa = PBXBuildFile; fileRef = AE247DDC26AB12AC0059CBEB /* MonthYserPicker.swift */; };
		AE247DE526AB12AC0059CBEB /* SingleDayView.swift in Sources */ = {isa = PBXBuildFile; fileRef = AE247DDD26AB12AC0059CBEB /* SingleDayView.swift */; };
		AE247DE626AB12AC0059CBEB /* MonthPicker.swift in Sources */ = {isa = PBXBuildFile; fileRef = AE247DDE26AB12AC0059CBEB /* MonthPicker.swift */; };
		AE247DE726AB12AC0059CBEB /* DatePickerViewModel.swift in Sources */ = {isa = PBXBuildFile; fileRef = AE247DE026AB12AC0059CBEB /* DatePickerViewModel.swift */; };
		AE247DE926AB132C0059CBEB /* AppDatePicker.swift in Sources */ = {isa = PBXBuildFile; fileRef = AE247DE826AB132C0059CBEB /* AppDatePicker.swift */; };
		AE247DEB26AB13870059CBEB /* StringExtension.swift in Sources */ = {isa = PBXBuildFile; fileRef = AE247DEA26AB13870059CBEB /* StringExtension.swift */; };
		AE3079F926D0BA7C0081948E /* LocalRepository.swift in Sources */ = {isa = PBXBuildFile; fileRef = AE3079F826D0BA7C0081948E /* LocalRepository.swift */; };
		AE37BC302683BA4400258D8B /* AddNewEventView.swift in Sources */ = {isa = PBXBuildFile; fileRef = AE37BC2F2683BA4400258D8B /* AddNewEventView.swift */; };
		AE37BC332683BA9C00258D8B /* AsyncImage.swift in Sources */ = {isa = PBXBuildFile; fileRef = AE37BC322683BA9C00258D8B /* AsyncImage.swift */; };
		AE37BC352683BC4800258D8B /* UserProfileGridView.swift in Sources */ = {isa = PBXBuildFile; fileRef = AE37BC342683BC4800258D8B /* UserProfileGridView.swift */; };
		AE37BC372683BC9A00258D8B /* TestViewModel.swift in Sources */ = {isa = PBXBuildFile; fileRef = AE37BC362683BC9A00258D8B /* TestViewModel.swift */; };
		AE37BC392683BCE000258D8B /* TestWebView.swift in Sources */ = {isa = PBXBuildFile; fileRef = AE37BC382683BCE000258D8B /* TestWebView.swift */; };
		AE380BE626E05B2900487D3C /* EditProfileView.swift in Sources */ = {isa = PBXBuildFile; fileRef = AE380BE526E05B2900487D3C /* EditProfileView.swift */; };
		AE380BE926E05B7D00487D3C /* EditProfileViewModel.swift in Sources */ = {isa = PBXBuildFile; fileRef = AE380BE826E05B7D00487D3C /* EditProfileViewModel.swift */; };
		AE3A8371267998540016F435 /* BottonSheet.swift in Sources */ = {isa = PBXBuildFile; fileRef = AE3A8370267998540016F435 /* BottonSheet.swift */; };
		AE3C43A22693F34200013F79 /* cocon-bold.otf in Resources */ = {isa = PBXBuildFile; fileRef = AE3C43A12693F34200013F79 /* cocon-bold.otf */; };
		AE3C43A72693F72B00013F79 /* UiColorExtension.swift in Sources */ = {isa = PBXBuildFile; fileRef = AE3C43A62693F72B00013F79 /* UiColorExtension.swift */; };
		AE3C43AB2693FAAD00013F79 /* SFProDisplay-Medium.ttf in Resources */ = {isa = PBXBuildFile; fileRef = AE3C43A82693FAAD00013F79 /* SFProDisplay-Medium.ttf */; };
		AE3C43AC2693FAAD00013F79 /* SFProDisplay-Regular.ttf in Resources */ = {isa = PBXBuildFile; fileRef = AE3C43A92693FAAD00013F79 /* SFProDisplay-Regular.ttf */; };
		AE3C43AD2693FAAD00013F79 /* SFProDisplay-Semibold.ttf in Resources */ = {isa = PBXBuildFile; fileRef = AE3C43AA2693FAAD00013F79 /* SFProDisplay-Semibold.ttf */; };
		AE3C43AF2693FBC200013F79 /* FontExtension.swift in Sources */ = {isa = PBXBuildFile; fileRef = AE3C43AE2693FBC200013F79 /* FontExtension.swift */; };
		AE3EB5C426976C7E0093AF7C /* HalfModalView.swift in Sources */ = {isa = PBXBuildFile; fileRef = AE3EB5C326976C7E0093AF7C /* HalfModalView.swift */; };
		AE3EB5C926976CBC0093AF7C /* PasteDetailsViewModel.swift in Sources */ = {isa = PBXBuildFile; fileRef = AE3EB5C726976CBC0093AF7C /* PasteDetailsViewModel.swift */; };
		AE3EB5CA26976CBC0093AF7C /* PastesDetailsView.swift in Sources */ = {isa = PBXBuildFile; fileRef = AE3EB5C826976CBC0093AF7C /* PastesDetailsView.swift */; };
		AE3EB5D326976CDC0093AF7C /* IdeaViewModel.swift in Sources */ = {isa = PBXBuildFile; fileRef = AE3EB5CD26976CDC0093AF7C /* IdeaViewModel.swift */; };
		AE3EB5D426976CDC0093AF7C /* IdeaView.swift in Sources */ = {isa = PBXBuildFile; fileRef = AE3EB5CF26976CDC0093AF7C /* IdeaView.swift */; };
		AE3EB5D526976CDC0093AF7C /* SearchView.swift in Sources */ = {isa = PBXBuildFile; fileRef = AE3EB5D026976CDC0093AF7C /* SearchView.swift */; };
		AE3EB5D626976CDC0093AF7C /* EditSheet.swift in Sources */ = {isa = PBXBuildFile; fileRef = AE3EB5D126976CDC0093AF7C /* EditSheet.swift */; };
		AE3EB5D726976CDC0093AF7C /* RenameSheet.swift in Sources */ = {isa = PBXBuildFile; fileRef = AE3EB5D226976CDC0093AF7C /* RenameSheet.swift */; };
		AE3EB5DE26976CE60093AF7C /* CreateIdeaSceneViewModel.swift in Sources */ = {isa = PBXBuildFile; fileRef = AE3EB5DA26976CE60093AF7C /* CreateIdeaSceneViewModel.swift */; };
		AE3EB5DF26976CE60093AF7C /* CreateIdeaSceneView.swift in Sources */ = {isa = PBXBuildFile; fileRef = AE3EB5DB26976CE60093AF7C /* CreateIdeaSceneView.swift */; };
		AE3EB5E026976CE60093AF7C /* CreatePasteView.swift in Sources */ = {isa = PBXBuildFile; fileRef = AE3EB5DD26976CE60093AF7C /* CreatePasteView.swift */; };
		AE3EB5E226976D090093AF7C /* DeviceDataPersistenceService.swift in Sources */ = {isa = PBXBuildFile; fileRef = AE3EB5E126976D090093AF7C /* DeviceDataPersistenceService.swift */; };
		AE3EB5E4269770860093AF7C /* AuthenticationView.swift in Sources */ = {isa = PBXBuildFile; fileRef = AE3EB5E3269770860093AF7C /* AuthenticationView.swift */; };
		AE562EEC26CC0DC600B49226 /* ScheduledPostDetails.swift in Sources */ = {isa = PBXBuildFile; fileRef = AE562EEB26CC0DC600B49226 /* ScheduledPostDetails.swift */; };
		AE590B8726779E2B000101AF /* SocialNetworkService.swift in Sources */ = {isa = PBXBuildFile; fileRef = AE590B8626779E2B000101AF /* SocialNetworkService.swift */; };
		AE590B8926779E7F000101AF /* UserNotificationService.swift in Sources */ = {isa = PBXBuildFile; fileRef = AE590B8826779E7F000101AF /* UserNotificationService.swift */; };
		AE5B70542678EDFC00AFF32E /* CalendarPageView.swift in Sources */ = {isa = PBXBuildFile; fileRef = AE5B70532678EDFC00AFF32E /* CalendarPageView.swift */; };
		AE5B70572678F5FF00AFF32E /* CalendarExtensions.swift in Sources */ = {isa = PBXBuildFile; fileRef = AE5B70562678F5FF00AFF32E /* CalendarExtensions.swift */; };
		AE5D3223269542FC002BD62F /* SignInViewModel.swift in Sources */ = {isa = PBXBuildFile; fileRef = AE5D3222269542FC002BD62F /* SignInViewModel.swift */; };
		AE5D32262695481F002BD62F /* SignUpViewModel.swift in Sources */ = {isa = PBXBuildFile; fileRef = AE5D32252695481F002BD62F /* SignUpViewModel.swift */; };
		AE5D322926955BCA002BD62F /* AuthenticationViewModel.swift in Sources */ = {isa = PBXBuildFile; fileRef = AE5D322826955BCA002BD62F /* AuthenticationViewModel.swift */; };
		AE647214267B93F5009E5789 /* TextViewExtension.swift in Sources */ = {isa = PBXBuildFile; fileRef = AE647213267B93F5009E5789 /* TextViewExtension.swift */; };
		AE647216267B942E009E5789 /* BottonSheetListCell.swift in Sources */ = {isa = PBXBuildFile; fileRef = AE647215267B942E009E5789 /* BottonSheetListCell.swift */; };
		AE66B15026B77176007518AC /* BoardMenuButton.swift in Sources */ = {isa = PBXBuildFile; fileRef = AE66B14F26B77176007518AC /* BoardMenuButton.swift */; };
		AE6C8BA826D88ED7003D2940 /* TestProfileSheet.swift in Sources */ = {isa = PBXBuildFile; fileRef = AE6C8BA426D88ED7003D2940 /* TestProfileSheet.swift */; };
		AE6C8BA926D88ED7003D2940 /* BottomSheetView.swift in Sources */ = {isa = PBXBuildFile; fileRef = AE6C8BA526D88ED7003D2940 /* BottomSheetView.swift */; };
		AE6C8BAA26D88ED7003D2940 /* ProfileListCellView.swift in Sources */ = {isa = PBXBuildFile; fileRef = AE6C8BA626D88ED7003D2940 /* ProfileListCellView.swift */; };
		AE6C8BAB26D88ED7003D2940 /* ProfileSheet.swift in Sources */ = {isa = PBXBuildFile; fileRef = AE6C8BA726D88ED7003D2940 /* ProfileSheet.swift */; };
		AE799668268E778F00AD80F4 /* ImagesRepository.swift in Sources */ = {isa = PBXBuildFile; fileRef = AE799667268E778F00AD80F4 /* ImagesRepository.swift */; };
		AE8A5206268B7D9E00E14EBD /* CreatePostViewModel.swift in Sources */ = {isa = PBXBuildFile; fileRef = AE8A5205268B7D9E00E14EBD /* CreatePostViewModel.swift */; };
		AE8A5208268B834000E14EBD /* ViewExtension.swift in Sources */ = {isa = PBXBuildFile; fileRef = AE8A5207268B834000E14EBD /* ViewExtension.swift */; };
		AE8A520A268B8C7100E14EBD /* BlurView.swift in Sources */ = {isa = PBXBuildFile; fileRef = AE8A5209268B8C7100E14EBD /* BlurView.swift */; };
		AE8A520C268B8D9F00E14EBD /* ImagePicker.swift in Sources */ = {isa = PBXBuildFile; fileRef = AE8A520B268B8D9F00E14EBD /* ImagePicker.swift */; };
		AE8CD2E3268BFC9E008DD887 /* InsideBoardViewModel.swift in Sources */ = {isa = PBXBuildFile; fileRef = AE8CD2E2268BFC9E008DD887 /* InsideBoardViewModel.swift */; };
		AEAB4EF126CFE96600918DE5 /* EmptyScheduledPostsCard.swift in Sources */ = {isa = PBXBuildFile; fileRef = AEAB4EF026CFE96600918DE5 /* EmptyScheduledPostsCard.swift */; };
		AEB7B6AD26BD15C800850114 /* SharePostView.swift in Sources */ = {isa = PBXBuildFile; fileRef = AEB7B6AA26BD15C800850114 /* SharePostView.swift */; };
		AEB7B6AE26BD15C800850114 /* SharePostViewModel.swift in Sources */ = {isa = PBXBuildFile; fileRef = AEB7B6AC26BD15C800850114 /* SharePostViewModel.swift */; };
		AEC80ED5269C15180091F229 /* EditIdeaView.swift in Sources */ = {isa = PBXBuildFile; fileRef = AEC80ED4269C15180091F229 /* EditIdeaView.swift */; };
		AEC80ED8269C15350091F229 /* EditIdeaViewModel.swift in Sources */ = {isa = PBXBuildFile; fileRef = AEC80ED7269C15350091F229 /* EditIdeaViewModel.swift */; };
		AEC80EDB269C48AC0091F229 /* EditPasteView.swift in Sources */ = {isa = PBXBuildFile; fileRef = AEC80EDA269C48AC0091F229 /* EditPasteView.swift */; };
		AECB11A626BA35220007BB2C /* CornerShapeView.swift in Sources */ = {isa = PBXBuildFile; fileRef = AECB11A526BA35220007BB2C /* CornerShapeView.swift */; };
		AECFA5F326DF28E400728494 /* AddProfileViewModel.swift in Sources */ = {isa = PBXBuildFile; fileRef = AECFA5F226DF28E400728494 /* AddProfileViewModel.swift */; };
		AECFA5F526DF294D00728494 /* BoardImageView.swift in Sources */ = {isa = PBXBuildFile; fileRef = AECFA5F426DF294D00728494 /* BoardImageView.swift */; };
		AED48457269D5EE100890E91 /* LoadingView.swift in Sources */ = {isa = PBXBuildFile; fileRef = AED48456269D5EE100890E91 /* LoadingView.swift */; };
		AED48459269D5EE700890E91 /* ProgressBar.swift in Sources */ = {isa = PBXBuildFile; fileRef = AED48458269D5EE700890E91 /* ProgressBar.swift */; };
		AED4845B269D5EEF00890E91 /* ActivityIndicator.swift in Sources */ = {isa = PBXBuildFile; fileRef = AED4845A269D5EEF00890E91 /* ActivityIndicator.swift */; };
		AED4845D269D69D600890E91 /* ProgressBarView.swift in Sources */ = {isa = PBXBuildFile; fileRef = AED4845C269D69D600890E91 /* ProgressBarView.swift */; };
		AED48460269D88FB00890E91 /* EditBoardView.swift in Sources */ = {isa = PBXBuildFile; fileRef = AED4845F269D88FB00890E91 /* EditBoardView.swift */; };
		AED48463269D893900890E91 /* EditBoardViewModel.swift in Sources */ = {isa = PBXBuildFile; fileRef = AED48462269D893900890E91 /* EditBoardViewModel.swift */; };
		AED6CF7426897CE400870BB2 /* UserProfileRepository.swift in Sources */ = {isa = PBXBuildFile; fileRef = AED6CF7326897CE400870BB2 /* UserProfileRepository.swift */; };
		AED6CF7626897D2A00870BB2 /* BoardRepository.swift in Sources */ = {isa = PBXBuildFile; fileRef = AED6CF7526897D2A00870BB2 /* BoardRepository.swift */; };
		AED6CF7826897D5E00870BB2 /* User.swift in Sources */ = {isa = PBXBuildFile; fileRef = AED6CF7726897D5E00870BB2 /* User.swift */; };
		AED6CF7A26897D6900870BB2 /* Board.swift in Sources */ = {isa = PBXBuildFile; fileRef = AED6CF7926897D6900870BB2 /* Board.swift */; };
		AED6CF7C26897D7300870BB2 /* Post.swift in Sources */ = {isa = PBXBuildFile; fileRef = AED6CF7B26897D7300870BB2 /* Post.swift */; };
		AED6CF7E26897E2300870BB2 /* AuthService.swift in Sources */ = {isa = PBXBuildFile; fileRef = AED6CF7D26897E2300870BB2 /* AuthService.swift */; };
		AED6CF8126897ED200870BB2 /* AuthenticationWrapperView.swift in Sources */ = {isa = PBXBuildFile; fileRef = AED6CF8026897ED200870BB2 /* AuthenticationWrapperView.swift */; };
		AEE1B9DE26A7BF9600BC45FA /* PostsGridCellView.swift in Sources */ = {isa = PBXBuildFile; fileRef = AEE1B9DD26A7BF9600BC45FA /* PostsGridCellView.swift */; };
		AEFFA7FF2690243C00A86786 /* CalendarPageViewModel.swift in Sources */ = {isa = PBXBuildFile; fileRef = AEFFA7FE2690243C00A86786 /* CalendarPageViewModel.swift */; };
		AEFFA8022690261900A86786 /* TabBarScene.swift in Sources */ = {isa = PBXBuildFile; fileRef = AEFFA8012690261900A86786 /* TabBarScene.swift */; };
		CCDA2B977807C095FAD79017 /* Pods_Marketeiros.framework in Frameworks */ = {isa = PBXBuildFile; fileRef = CAB90DFA4C5DAADCFD258618 /* Pods_Marketeiros.framework */; };
		EF1A395F26C29C2E000550D9 /* GoogleService-Info.plist in Resources */ = {isa = PBXBuildFile; fileRef = EF1A395E26C29C2E000550D9 /* GoogleService-Info.plist */; };
		EF2D04F32693446800B9D7E5 /* MoodBoardGridView.swift in Sources */ = {isa = PBXBuildFile; fileRef = EF2D04F22693446700B9D7E5 /* MoodBoardGridView.swift */; };
		EF2D04F62693446D00B9D7E5 /* PinterestGrid.swift in Sources */ = {isa = PBXBuildFile; fileRef = EF2D04F52693446D00B9D7E5 /* PinterestGrid.swift */; };
		EF2D04FB2693491000B9D7E5 /* MoodBoardItemDetailsView.swift in Sources */ = {isa = PBXBuildFile; fileRef = EF2D04FA2693491000B9D7E5 /* MoodBoardItemDetailsView.swift */; };
		EF2D05022693566100B9D7E5 /* MoodHalfModalView.swift in Sources */ = {isa = PBXBuildFile; fileRef = EF2D05012693566100B9D7E5 /* MoodHalfModalView.swift */; };
		EF2D050626935FF200B9D7E5 /* MoodBoardView.swift in Sources */ = {isa = PBXBuildFile; fileRef = EF2D050526935FF200B9D7E5 /* MoodBoardView.swift */; };
		EF30C36026779A9A00DB7644 /* MarketeirosApp.swift in Sources */ = {isa = PBXBuildFile; fileRef = EF30C35F26779A9A00DB7644 /* MarketeirosApp.swift */; };
		EF30C36426779A9A00DB7644 /* Assets.xcassets in Resources */ = {isa = PBXBuildFile; fileRef = EF30C36326779A9A00DB7644 /* Assets.xcassets */; };
		EF30C36726779A9A00DB7644 /* Preview Assets.xcassets in Resources */ = {isa = PBXBuildFile; fileRef = EF30C36626779A9A00DB7644 /* Preview Assets.xcassets */; };
		EF74577A268A1A4F004A6C60 /* CreatePostUIView.swift in Sources */ = {isa = PBXBuildFile; fileRef = EF745779268A1A4F004A6C60 /* CreatePostUIView.swift */; };
		EF8646C126974BAC0037DAB1 /* HelpView.swift in Sources */ = {isa = PBXBuildFile; fileRef = EF8646C026974BAC0037DAB1 /* HelpView.swift */; };
		EFA0B9012684E037009545B2 /* NotificationsUIView.swift in Sources */ = {isa = PBXBuildFile; fileRef = EFA0B9002684E037009545B2 /* NotificationsUIView.swift */; };
		EFF910E62695DBFB00D16D0D /* ProfileView.swift in Sources */ = {isa = PBXBuildFile; fileRef = EFF910E52695DBFB00D16D0D /* ProfileView.swift */; };
		EFF910EA2695EDF300D16D0D /* NotificationsDetailsView.swift in Sources */ = {isa = PBXBuildFile; fileRef = EFF910E92695EDF300D16D0D /* NotificationsDetailsView.swift */; };
		EFF910ED2695F88400D16D0D /* AboutView.swift in Sources */ = {isa = PBXBuildFile; fileRef = EFF910EC2695F88400D16D0D /* AboutView.swift */; };
		EFF910F02695FB2100D16D0D /* UserDetailsView.swift in Sources */ = {isa = PBXBuildFile; fileRef = EFF910EF2695FB2100D16D0D /* UserDetailsView.swift */; };
/* End PBXBuildFile section */

/* Begin PBXFileReference section */
		70C384D510A910D381C9127C /* Pods-Marketeiros.debug.xcconfig */ = {isa = PBXFileReference; includeInIndex = 1; lastKnownFileType = text.xcconfig; name = "Pods-Marketeiros.debug.xcconfig"; path = "Target Support Files/Pods-Marketeiros/Pods-Marketeiros.debug.xcconfig"; sourceTree = "<group>"; };
		79034D092695DA5200AE97EA /* DragRelocateDelegate.swift */ = {isa = PBXFileReference; lastKnownFileType = sourcecode.swift; path = DragRelocateDelegate.swift; sourceTree = "<group>"; };
		79034D0B269634CC00AE97EA /* UIApplicationExtension.swift */ = {isa = PBXFileReference; lastKnownFileType = sourcecode.swift; path = UIApplicationExtension.swift; sourceTree = "<group>"; };
		79034D15269C701300AE97EA /* en */ = {isa = PBXFileReference; lastKnownFileType = text.plist.strings; name = en; path = en.lproj/Localizable.strings; sourceTree = "<group>"; };
		79034D17269C70B200AE97EA /* pt-BR */ = {isa = PBXFileReference; lastKnownFileType = text.plist.strings; name = "pt-BR"; path = "pt-BR.lproj/Localizable.strings"; sourceTree = "<group>"; };
		79098F92268E189B0033B758 /* UIImageExtension.swift */ = {isa = PBXFileReference; lastKnownFileType = sourcecode.swift; path = UIImageExtension.swift; sourceTree = "<group>"; };
		7913D51B26C40DFA008EA7C1 /* ErrorMissingInformation.swift */ = {isa = PBXFileReference; lastKnownFileType = sourcecode.swift; path = ErrorMissingInformation.swift; sourceTree = "<group>"; };
		792CCD26267CE79300E5BDE9 /* NewBoardSheet.swift */ = {isa = PBXFileReference; lastKnownFileType = sourcecode.swift; path = NewBoardSheet.swift; sourceTree = "<group>"; };
		793F903D26D7E8AC00436B44 /* AddProfileView.swift */ = {isa = PBXFileReference; fileEncoding = 4; lastKnownFileType = sourcecode.swift; path = AddProfileView.swift; sourceTree = "<group>"; };
		793F903F26D7EA7A00436B44 /* Error6charecterPasswd.swift */ = {isa = PBXFileReference; lastKnownFileType = sourcecode.swift; path = Error6charecterPasswd.swift; sourceTree = "<group>"; };
		794E0D4026D6761E00EE14E2 /* OnboardingP1.swift */ = {isa = PBXFileReference; lastKnownFileType = sourcecode.swift; path = OnboardingP1.swift; sourceTree = "<group>"; };
		794E0D4226D698B500EE14E2 /* OnboardingP2.swift */ = {isa = PBXFileReference; lastKnownFileType = sourcecode.swift; path = OnboardingP2.swift; sourceTree = "<group>"; };
		794E0D4426D69B7D00EE14E2 /* OnboardingP3.swift */ = {isa = PBXFileReference; lastKnownFileType = sourcecode.swift; path = OnboardingP3.swift; sourceTree = "<group>"; };
		794E0D4626D7CEB100EE14E2 /* OnboardingPageView.swift */ = {isa = PBXFileReference; lastKnownFileType = sourcecode.swift; path = OnboardingPageView.swift; sourceTree = "<group>"; };
		795AB137267A30A3006308B5 /* BoardView.swift */ = {isa = PBXFileReference; lastKnownFileType = sourcecode.swift; path = BoardView.swift; sourceTree = "<group>"; };
		795AB13B267A3CCB006308B5 /* BoardCell.swift */ = {isa = PBXFileReference; lastKnownFileType = sourcecode.swift; path = BoardCell.swift; sourceTree = "<group>"; };
		795AB13D267B8D37006308B5 /* IdeaCell.swift */ = {isa = PBXFileReference; lastKnownFileType = sourcecode.swift; path = IdeaCell.swift; sourceTree = "<group>"; };
		795E180226BC253900EEE63B /* LoadingPhotosView.swift */ = {isa = PBXFileReference; lastKnownFileType = sourcecode.swift; path = LoadingPhotosView.swift; sourceTree = "<group>"; };
		795E180426BC3B5D00EEE63B /* LoadingPost.swift */ = {isa = PBXFileReference; lastKnownFileType = sourcecode.swift; path = LoadingPost.swift; sourceTree = "<group>"; };
		795E180626BC3CC400EEE63B /* ErrorMessage.swift */ = {isa = PBXFileReference; lastKnownFileType = sourcecode.swift; path = ErrorMessage.swift; sourceTree = "<group>"; };
		79747F5F269348B7004BAAC9 /* LoginView.swift */ = {isa = PBXFileReference; lastKnownFileType = sourcecode.swift; path = LoginView.swift; sourceTree = "<group>"; };
		79747F61269362EB004BAAC9 /* RegisterView.swift */ = {isa = PBXFileReference; lastKnownFileType = sourcecode.swift; path = RegisterView.swift; sourceTree = "<group>"; };
		798C8A6926A85C500031F9DA /* NewPostDetailsView.swift */ = {isa = PBXFileReference; lastKnownFileType = sourcecode.swift; path = NewPostDetailsView.swift; sourceTree = "<group>"; };
		79AC0D3D2689FFCB00064670 /* InsideBoardView.swift */ = {isa = PBXFileReference; fileEncoding = 4; lastKnownFileType = sourcecode.swift; path = InsideBoardView.swift; sourceTree = "<group>"; };
		973B31595F71E5ED16B930A4 /* Pods-Marketeiros.release.xcconfig */ = {isa = PBXFileReference; includeInIndex = 1; lastKnownFileType = text.xcconfig; name = "Pods-Marketeiros.release.xcconfig"; path = "Target Support Files/Pods-Marketeiros/Pods-Marketeiros.release.xcconfig"; sourceTree = "<group>"; };
		AE119B5D268EC0B400327D39 /* PostDetailsView.swift */ = {isa = PBXFileReference; lastKnownFileType = sourcecode.swift; path = PostDetailsView.swift; sourceTree = "<group>"; };
		AE119B5F268EC0D000327D39 /* PostDetailsViewModel.swift */ = {isa = PBXFileReference; lastKnownFileType = sourcecode.swift; path = PostDetailsViewModel.swift; sourceTree = "<group>"; };
		AE119B61268EC0FC00327D39 /* FirebaseImage.swift */ = {isa = PBXFileReference; lastKnownFileType = sourcecode.swift; path = FirebaseImage.swift; sourceTree = "<group>"; };
		AE21A9FE268BC0BF00AF3797 /* NewBoardViewModel.swift */ = {isa = PBXFileReference; lastKnownFileType = sourcecode.swift; name = NewBoardViewModel.swift; path = "Marketeiros/UI/Shared Views/NewBoardViewModel.swift"; sourceTree = SOURCE_ROOT; };
		AE21AA00268BDB4D00AF3797 /* BoardListViewModel.swift */ = {isa = PBXFileReference; lastKnownFileType = sourcecode.swift; name = BoardListViewModel.swift; path = "Marketeiros/UI/Shared Views/BoardListViewModel.swift"; sourceTree = SOURCE_ROOT; };
		AE247DD826AB12AC0059CBEB /* MonthDaysView.swift */ = {isa = PBXFileReference; fileEncoding = 4; lastKnownFileType = sourcecode.swift; path = MonthDaysView.swift; sourceTree = "<group>"; };
		AE247DDA26AB12AC0059CBEB /* DayOfMonth.swift */ = {isa = PBXFileReference; fileEncoding = 4; lastKnownFileType = sourcecode.swift; path = DayOfMonth.swift; sourceTree = "<group>"; };
		AE247DDB26AB12AC0059CBEB /* MonthView.swift */ = {isa = PBXFileReference; fileEncoding = 4; lastKnownFileType = sourcecode.swift; path = MonthView.swift; sourceTree = "<group>"; };
		AE247DDC26AB12AC0059CBEB /* MonthYserPicker.swift */ = {isa = PBXFileReference; fileEncoding = 4; lastKnownFileType = sourcecode.swift; path = MonthYserPicker.swift; sourceTree = "<group>"; };
		AE247DDD26AB12AC0059CBEB /* SingleDayView.swift */ = {isa = PBXFileReference; fileEncoding = 4; lastKnownFileType = sourcecode.swift; path = SingleDayView.swift; sourceTree = "<group>"; };
		AE247DDE26AB12AC0059CBEB /* MonthPicker.swift */ = {isa = PBXFileReference; fileEncoding = 4; lastKnownFileType = sourcecode.swift; path = MonthPicker.swift; sourceTree = "<group>"; };
		AE247DE026AB12AC0059CBEB /* DatePickerViewModel.swift */ = {isa = PBXFileReference; fileEncoding = 4; lastKnownFileType = sourcecode.swift; path = DatePickerViewModel.swift; sourceTree = "<group>"; };
		AE247DE826AB132C0059CBEB /* AppDatePicker.swift */ = {isa = PBXFileReference; fileEncoding = 4; lastKnownFileType = sourcecode.swift; path = AppDatePicker.swift; sourceTree = "<group>"; };
		AE247DEA26AB13870059CBEB /* StringExtension.swift */ = {isa = PBXFileReference; fileEncoding = 4; lastKnownFileType = sourcecode.swift; path = StringExtension.swift; sourceTree = "<group>"; };
		AE3079F826D0BA7C0081948E /* LocalRepository.swift */ = {isa = PBXFileReference; lastKnownFileType = sourcecode.swift; path = LocalRepository.swift; sourceTree = "<group>"; };
		AE37BC2F2683BA4400258D8B /* AddNewEventView.swift */ = {isa = PBXFileReference; lastKnownFileType = sourcecode.swift; path = AddNewEventView.swift; sourceTree = "<group>"; };
		AE37BC322683BA9C00258D8B /* AsyncImage.swift */ = {isa = PBXFileReference; lastKnownFileType = sourcecode.swift; path = AsyncImage.swift; sourceTree = "<group>"; };
		AE37BC342683BC4800258D8B /* UserProfileGridView.swift */ = {isa = PBXFileReference; lastKnownFileType = sourcecode.swift; path = UserProfileGridView.swift; sourceTree = "<group>"; };
		AE37BC362683BC9A00258D8B /* TestViewModel.swift */ = {isa = PBXFileReference; lastKnownFileType = sourcecode.swift; path = TestViewModel.swift; sourceTree = "<group>"; };
		AE37BC382683BCE000258D8B /* TestWebView.swift */ = {isa = PBXFileReference; lastKnownFileType = sourcecode.swift; path = TestWebView.swift; sourceTree = "<group>"; };
		AE380BE526E05B2900487D3C /* EditProfileView.swift */ = {isa = PBXFileReference; lastKnownFileType = sourcecode.swift; path = EditProfileView.swift; sourceTree = "<group>"; };
		AE380BE826E05B7D00487D3C /* EditProfileViewModel.swift */ = {isa = PBXFileReference; lastKnownFileType = sourcecode.swift; path = EditProfileViewModel.swift; sourceTree = "<group>"; };
		AE3A8370267998540016F435 /* BottonSheet.swift */ = {isa = PBXFileReference; lastKnownFileType = sourcecode.swift; path = BottonSheet.swift; sourceTree = "<group>"; };
		AE3C43A12693F34200013F79 /* cocon-bold.otf */ = {isa = PBXFileReference; lastKnownFileType = file; path = "cocon-bold.otf"; sourceTree = "<group>"; };
		AE3C43A62693F72B00013F79 /* UiColorExtension.swift */ = {isa = PBXFileReference; lastKnownFileType = sourcecode.swift; path = UiColorExtension.swift; sourceTree = "<group>"; };
		AE3C43A82693FAAD00013F79 /* SFProDisplay-Medium.ttf */ = {isa = PBXFileReference; lastKnownFileType = file; path = "SFProDisplay-Medium.ttf"; sourceTree = "<group>"; };
		AE3C43A92693FAAD00013F79 /* SFProDisplay-Regular.ttf */ = {isa = PBXFileReference; lastKnownFileType = file; path = "SFProDisplay-Regular.ttf"; sourceTree = "<group>"; };
		AE3C43AA2693FAAD00013F79 /* SFProDisplay-Semibold.ttf */ = {isa = PBXFileReference; lastKnownFileType = file; path = "SFProDisplay-Semibold.ttf"; sourceTree = "<group>"; };
		AE3C43AE2693FBC200013F79 /* FontExtension.swift */ = {isa = PBXFileReference; lastKnownFileType = sourcecode.swift; path = FontExtension.swift; sourceTree = "<group>"; };
		AE3EB5C326976C7E0093AF7C /* HalfModalView.swift */ = {isa = PBXFileReference; lastKnownFileType = sourcecode.swift; path = HalfModalView.swift; sourceTree = "<group>"; };
		AE3EB5C726976CBC0093AF7C /* PasteDetailsViewModel.swift */ = {isa = PBXFileReference; fileEncoding = 4; lastKnownFileType = sourcecode.swift; path = PasteDetailsViewModel.swift; sourceTree = "<group>"; };
		AE3EB5C826976CBC0093AF7C /* PastesDetailsView.swift */ = {isa = PBXFileReference; fileEncoding = 4; lastKnownFileType = sourcecode.swift; path = PastesDetailsView.swift; sourceTree = "<group>"; };
		AE3EB5CD26976CDC0093AF7C /* IdeaViewModel.swift */ = {isa = PBXFileReference; fileEncoding = 4; lastKnownFileType = sourcecode.swift; path = IdeaViewModel.swift; sourceTree = "<group>"; };
		AE3EB5CF26976CDC0093AF7C /* IdeaView.swift */ = {isa = PBXFileReference; fileEncoding = 4; lastKnownFileType = sourcecode.swift; path = IdeaView.swift; sourceTree = "<group>"; };
		AE3EB5D026976CDC0093AF7C /* SearchView.swift */ = {isa = PBXFileReference; fileEncoding = 4; lastKnownFileType = sourcecode.swift; path = SearchView.swift; sourceTree = "<group>"; };
		AE3EB5D126976CDC0093AF7C /* EditSheet.swift */ = {isa = PBXFileReference; fileEncoding = 4; lastKnownFileType = sourcecode.swift; path = EditSheet.swift; sourceTree = "<group>"; };
		AE3EB5D226976CDC0093AF7C /* RenameSheet.swift */ = {isa = PBXFileReference; fileEncoding = 4; lastKnownFileType = sourcecode.swift; path = RenameSheet.swift; sourceTree = "<group>"; };
		AE3EB5DA26976CE60093AF7C /* CreateIdeaSceneViewModel.swift */ = {isa = PBXFileReference; fileEncoding = 4; lastKnownFileType = sourcecode.swift; path = CreateIdeaSceneViewModel.swift; sourceTree = "<group>"; };
		AE3EB5DB26976CE60093AF7C /* CreateIdeaSceneView.swift */ = {isa = PBXFileReference; fileEncoding = 4; lastKnownFileType = sourcecode.swift; path = CreateIdeaSceneView.swift; sourceTree = "<group>"; };
		AE3EB5DD26976CE60093AF7C /* CreatePasteView.swift */ = {isa = PBXFileReference; fileEncoding = 4; lastKnownFileType = sourcecode.swift; path = CreatePasteView.swift; sourceTree = "<group>"; };
		AE3EB5E126976D090093AF7C /* DeviceDataPersistenceService.swift */ = {isa = PBXFileReference; fileEncoding = 4; lastKnownFileType = sourcecode.swift; path = DeviceDataPersistenceService.swift; sourceTree = "<group>"; };
		AE3EB5E3269770860093AF7C /* AuthenticationView.swift */ = {isa = PBXFileReference; lastKnownFileType = sourcecode.swift; path = AuthenticationView.swift; sourceTree = "<group>"; };
		AE562EEB26CC0DC600B49226 /* ScheduledPostDetails.swift */ = {isa = PBXFileReference; lastKnownFileType = sourcecode.swift; path = ScheduledPostDetails.swift; sourceTree = "<group>"; };
		AE590B8626779E2B000101AF /* SocialNetworkService.swift */ = {isa = PBXFileReference; lastKnownFileType = sourcecode.swift; path = SocialNetworkService.swift; sourceTree = "<group>"; };
		AE590B8826779E7F000101AF /* UserNotificationService.swift */ = {isa = PBXFileReference; lastKnownFileType = sourcecode.swift; path = UserNotificationService.swift; sourceTree = "<group>"; };
		AE5B70532678EDFC00AFF32E /* CalendarPageView.swift */ = {isa = PBXFileReference; lastKnownFileType = sourcecode.swift; path = CalendarPageView.swift; sourceTree = "<group>"; };
		AE5B70562678F5FF00AFF32E /* CalendarExtensions.swift */ = {isa = PBXFileReference; lastKnownFileType = sourcecode.swift; path = CalendarExtensions.swift; sourceTree = "<group>"; };
		AE5D3222269542FC002BD62F /* SignInViewModel.swift */ = {isa = PBXFileReference; lastKnownFileType = sourcecode.swift; path = SignInViewModel.swift; sourceTree = "<group>"; };
		AE5D32252695481F002BD62F /* SignUpViewModel.swift */ = {isa = PBXFileReference; lastKnownFileType = sourcecode.swift; path = SignUpViewModel.swift; sourceTree = "<group>"; };
		AE5D322726955864002BD62F /* Marketeiros.entitlements */ = {isa = PBXFileReference; lastKnownFileType = text.plist.entitlements; path = Marketeiros.entitlements; sourceTree = "<group>"; };
		AE5D322826955BCA002BD62F /* AuthenticationViewModel.swift */ = {isa = PBXFileReference; lastKnownFileType = sourcecode.swift; path = AuthenticationViewModel.swift; sourceTree = "<group>"; };
		AE647213267B93F5009E5789 /* TextViewExtension.swift */ = {isa = PBXFileReference; lastKnownFileType = sourcecode.swift; path = TextViewExtension.swift; sourceTree = "<group>"; };
		AE647215267B942E009E5789 /* BottonSheetListCell.swift */ = {isa = PBXFileReference; lastKnownFileType = sourcecode.swift; path = BottonSheetListCell.swift; sourceTree = "<group>"; };
		AE66B14F26B77176007518AC /* BoardMenuButton.swift */ = {isa = PBXFileReference; lastKnownFileType = sourcecode.swift; path = BoardMenuButton.swift; sourceTree = "<group>"; };
		AE6C8BA426D88ED7003D2940 /* TestProfileSheet.swift */ = {isa = PBXFileReference; fileEncoding = 4; lastKnownFileType = sourcecode.swift; path = TestProfileSheet.swift; sourceTree = "<group>"; };
		AE6C8BA526D88ED7003D2940 /* BottomSheetView.swift */ = {isa = PBXFileReference; fileEncoding = 4; lastKnownFileType = sourcecode.swift; path = BottomSheetView.swift; sourceTree = "<group>"; };
		AE6C8BA626D88ED7003D2940 /* ProfileListCellView.swift */ = {isa = PBXFileReference; fileEncoding = 4; lastKnownFileType = sourcecode.swift; path = ProfileListCellView.swift; sourceTree = "<group>"; };
		AE6C8BA726D88ED7003D2940 /* ProfileSheet.swift */ = {isa = PBXFileReference; fileEncoding = 4; lastKnownFileType = sourcecode.swift; path = ProfileSheet.swift; sourceTree = "<group>"; };
		AE799667268E778F00AD80F4 /* ImagesRepository.swift */ = {isa = PBXFileReference; lastKnownFileType = sourcecode.swift; path = ImagesRepository.swift; sourceTree = "<group>"; };
		AE8A5205268B7D9E00E14EBD /* CreatePostViewModel.swift */ = {isa = PBXFileReference; lastKnownFileType = sourcecode.swift; path = CreatePostViewModel.swift; sourceTree = "<group>"; };
		AE8A5207268B834000E14EBD /* ViewExtension.swift */ = {isa = PBXFileReference; lastKnownFileType = sourcecode.swift; path = ViewExtension.swift; sourceTree = "<group>"; };
		AE8A5209268B8C7100E14EBD /* BlurView.swift */ = {isa = PBXFileReference; lastKnownFileType = sourcecode.swift; path = BlurView.swift; sourceTree = "<group>"; };
		AE8A520B268B8D9F00E14EBD /* ImagePicker.swift */ = {isa = PBXFileReference; lastKnownFileType = sourcecode.swift; path = ImagePicker.swift; sourceTree = "<group>"; };
		AE8CD2E2268BFC9E008DD887 /* InsideBoardViewModel.swift */ = {isa = PBXFileReference; lastKnownFileType = sourcecode.swift; name = InsideBoardViewModel.swift; path = "Marketeiros/UI/Shared Views/InsideBoardViewModel.swift"; sourceTree = SOURCE_ROOT; };
		AEAB4EF026CFE96600918DE5 /* EmptyScheduledPostsCard.swift */ = {isa = PBXFileReference; lastKnownFileType = sourcecode.swift; path = EmptyScheduledPostsCard.swift; sourceTree = "<group>"; };
		AEB7B6AA26BD15C800850114 /* SharePostView.swift */ = {isa = PBXFileReference; fileEncoding = 4; lastKnownFileType = sourcecode.swift; path = SharePostView.swift; sourceTree = "<group>"; };
		AEB7B6AC26BD15C800850114 /* SharePostViewModel.swift */ = {isa = PBXFileReference; fileEncoding = 4; lastKnownFileType = sourcecode.swift; path = SharePostViewModel.swift; sourceTree = "<group>"; };
		AEC80ED4269C15180091F229 /* EditIdeaView.swift */ = {isa = PBXFileReference; lastKnownFileType = sourcecode.swift; path = EditIdeaView.swift; sourceTree = "<group>"; };
		AEC80ED7269C15350091F229 /* EditIdeaViewModel.swift */ = {isa = PBXFileReference; lastKnownFileType = sourcecode.swift; path = EditIdeaViewModel.swift; sourceTree = "<group>"; };
		AEC80EDA269C48AC0091F229 /* EditPasteView.swift */ = {isa = PBXFileReference; lastKnownFileType = sourcecode.swift; path = EditPasteView.swift; sourceTree = "<group>"; };
		AECB11A526BA35220007BB2C /* CornerShapeView.swift */ = {isa = PBXFileReference; lastKnownFileType = sourcecode.swift; path = CornerShapeView.swift; sourceTree = "<group>"; };
		AECFA5F226DF28E400728494 /* AddProfileViewModel.swift */ = {isa = PBXFileReference; fileEncoding = 4; lastKnownFileType = sourcecode.swift; path = AddProfileViewModel.swift; sourceTree = "<group>"; };
		AECFA5F426DF294D00728494 /* BoardImageView.swift */ = {isa = PBXFileReference; fileEncoding = 4; lastKnownFileType = sourcecode.swift; path = BoardImageView.swift; sourceTree = "<group>"; };
		AED48456269D5EE100890E91 /* LoadingView.swift */ = {isa = PBXFileReference; fileEncoding = 4; lastKnownFileType = sourcecode.swift; path = LoadingView.swift; sourceTree = "<group>"; };
		AED48458269D5EE700890E91 /* ProgressBar.swift */ = {isa = PBXFileReference; fileEncoding = 4; lastKnownFileType = sourcecode.swift; path = ProgressBar.swift; sourceTree = "<group>"; };
		AED4845A269D5EEF00890E91 /* ActivityIndicator.swift */ = {isa = PBXFileReference; fileEncoding = 4; lastKnownFileType = sourcecode.swift; path = ActivityIndicator.swift; sourceTree = "<group>"; };
		AED4845C269D69D600890E91 /* ProgressBarView.swift */ = {isa = PBXFileReference; lastKnownFileType = sourcecode.swift; path = ProgressBarView.swift; sourceTree = "<group>"; };
		AED4845F269D88FB00890E91 /* EditBoardView.swift */ = {isa = PBXFileReference; lastKnownFileType = sourcecode.swift; path = EditBoardView.swift; sourceTree = "<group>"; };
		AED48462269D893900890E91 /* EditBoardViewModel.swift */ = {isa = PBXFileReference; lastKnownFileType = sourcecode.swift; path = EditBoardViewModel.swift; sourceTree = "<group>"; };
		AED6CF7326897CE400870BB2 /* UserProfileRepository.swift */ = {isa = PBXFileReference; lastKnownFileType = sourcecode.swift; path = UserProfileRepository.swift; sourceTree = "<group>"; };
		AED6CF7526897D2A00870BB2 /* BoardRepository.swift */ = {isa = PBXFileReference; lastKnownFileType = sourcecode.swift; path = BoardRepository.swift; sourceTree = "<group>"; };
		AED6CF7726897D5E00870BB2 /* User.swift */ = {isa = PBXFileReference; lastKnownFileType = sourcecode.swift; name = User.swift; path = Marketeiros/Data/Repositories/User.swift; sourceTree = SOURCE_ROOT; };
		AED6CF7926897D6900870BB2 /* Board.swift */ = {isa = PBXFileReference; lastKnownFileType = sourcecode.swift; name = Board.swift; path = Marketeiros/Data/Repositories/Board.swift; sourceTree = SOURCE_ROOT; };
		AED6CF7B26897D7300870BB2 /* Post.swift */ = {isa = PBXFileReference; lastKnownFileType = sourcecode.swift; name = Post.swift; path = Marketeiros/Data/Repositories/Post.swift; sourceTree = SOURCE_ROOT; };
		AED6CF7D26897E2300870BB2 /* AuthService.swift */ = {isa = PBXFileReference; lastKnownFileType = sourcecode.swift; path = AuthService.swift; sourceTree = "<group>"; };
		AED6CF8026897ED200870BB2 /* AuthenticationWrapperView.swift */ = {isa = PBXFileReference; lastKnownFileType = sourcecode.swift; path = AuthenticationWrapperView.swift; sourceTree = "<group>"; };
		AEE1B9DD26A7BF9600BC45FA /* PostsGridCellView.swift */ = {isa = PBXFileReference; lastKnownFileType = sourcecode.swift; path = PostsGridCellView.swift; sourceTree = "<group>"; };
		AEFFA7FE2690243C00A86786 /* CalendarPageViewModel.swift */ = {isa = PBXFileReference; lastKnownFileType = sourcecode.swift; name = CalendarPageViewModel.swift; path = "Marketeiros/UI/Shared Views/CalendarPageViewModel.swift"; sourceTree = SOURCE_ROOT; };
		AEFFA8012690261900A86786 /* TabBarScene.swift */ = {isa = PBXFileReference; lastKnownFileType = sourcecode.swift; path = TabBarScene.swift; sourceTree = "<group>"; };
		CAB90DFA4C5DAADCFD258618 /* Pods_Marketeiros.framework */ = {isa = PBXFileReference; explicitFileType = wrapper.framework; includeInIndex = 0; path = Pods_Marketeiros.framework; sourceTree = BUILT_PRODUCTS_DIR; };
		EF1A395E26C29C2E000550D9 /* GoogleService-Info.plist */ = {isa = PBXFileReference; fileEncoding = 4; lastKnownFileType = text.plist.xml; path = "GoogleService-Info.plist"; sourceTree = "<group>"; };
		EF2D04F22693446700B9D7E5 /* MoodBoardGridView.swift */ = {isa = PBXFileReference; fileEncoding = 4; lastKnownFileType = sourcecode.swift; path = MoodBoardGridView.swift; sourceTree = "<group>"; };
		EF2D04F52693446D00B9D7E5 /* PinterestGrid.swift */ = {isa = PBXFileReference; fileEncoding = 4; lastKnownFileType = sourcecode.swift; path = PinterestGrid.swift; sourceTree = "<group>"; };
		EF2D04FA2693491000B9D7E5 /* MoodBoardItemDetailsView.swift */ = {isa = PBXFileReference; lastKnownFileType = sourcecode.swift; path = MoodBoardItemDetailsView.swift; sourceTree = "<group>"; };
		EF2D05012693566100B9D7E5 /* MoodHalfModalView.swift */ = {isa = PBXFileReference; lastKnownFileType = sourcecode.swift; path = MoodHalfModalView.swift; sourceTree = "<group>"; };
		EF2D050526935FF200B9D7E5 /* MoodBoardView.swift */ = {isa = PBXFileReference; lastKnownFileType = sourcecode.swift; path = MoodBoardView.swift; sourceTree = "<group>"; };
		EF30C35C26779A9A00DB7644 /* Plani.app */ = {isa = PBXFileReference; explicitFileType = wrapper.application; includeInIndex = 0; path = Plani.app; sourceTree = BUILT_PRODUCTS_DIR; };
		EF30C35F26779A9A00DB7644 /* MarketeirosApp.swift */ = {isa = PBXFileReference; lastKnownFileType = sourcecode.swift; path = MarketeirosApp.swift; sourceTree = "<group>"; };
		EF30C36326779A9A00DB7644 /* Assets.xcassets */ = {isa = PBXFileReference; lastKnownFileType = folder.assetcatalog; path = Assets.xcassets; sourceTree = "<group>"; };
		EF30C36626779A9A00DB7644 /* Preview Assets.xcassets */ = {isa = PBXFileReference; lastKnownFileType = folder.assetcatalog; path = "Preview Assets.xcassets"; sourceTree = "<group>"; };
		EF30C36826779A9B00DB7644 /* Info.plist */ = {isa = PBXFileReference; lastKnownFileType = text.plist.xml; path = Info.plist; sourceTree = "<group>"; };
		EF745779268A1A4F004A6C60 /* CreatePostUIView.swift */ = {isa = PBXFileReference; lastKnownFileType = sourcecode.swift; path = CreatePostUIView.swift; sourceTree = "<group>"; };
		EF8646C026974BAC0037DAB1 /* HelpView.swift */ = {isa = PBXFileReference; lastKnownFileType = sourcecode.swift; path = HelpView.swift; sourceTree = "<group>"; };
		EFA0B9002684E037009545B2 /* NotificationsUIView.swift */ = {isa = PBXFileReference; lastKnownFileType = sourcecode.swift; path = NotificationsUIView.swift; sourceTree = "<group>"; };
		EFF910E52695DBFB00D16D0D /* ProfileView.swift */ = {isa = PBXFileReference; lastKnownFileType = sourcecode.swift; path = ProfileView.swift; sourceTree = "<group>"; };
		EFF910E92695EDF300D16D0D /* NotificationsDetailsView.swift */ = {isa = PBXFileReference; lastKnownFileType = sourcecode.swift; path = NotificationsDetailsView.swift; sourceTree = "<group>"; };
		EFF910EC2695F88400D16D0D /* AboutView.swift */ = {isa = PBXFileReference; lastKnownFileType = sourcecode.swift; path = AboutView.swift; sourceTree = "<group>"; };
		EFF910EF2695FB2100D16D0D /* UserDetailsView.swift */ = {isa = PBXFileReference; lastKnownFileType = sourcecode.swift; path = UserDetailsView.swift; sourceTree = "<group>"; };
/* End PBXFileReference section */

/* Begin PBXFrameworksBuildPhase section */
		EF30C35926779A9A00DB7644 /* Frameworks */ = {
			isa = PBXFrameworksBuildPhase;
			buildActionMask = 2147483647;
			files = (
				CCDA2B977807C095FAD79017 /* Pods_Marketeiros.framework in Frameworks */,
			);
			runOnlyForDeploymentPostprocessing = 0;
		};
/* End PBXFrameworksBuildPhase section */

/* Begin PBXGroup section */
		057BF313A1E350C2D2DD52EC /* Frameworks */ = {
			isa = PBXGroup;
			children = (
				CAB90DFA4C5DAADCFD258618 /* Pods_Marketeiros.framework */,
			);
			name = Frameworks;
			sourceTree = "<group>";
		};
		10005C22C7FC71B65BB25C07 /* Pods */ = {
			isa = PBXGroup;
			children = (
				70C384D510A910D381C9127C /* Pods-Marketeiros.debug.xcconfig */,
				973B31595F71E5ED16B930A4 /* Pods-Marketeiros.release.xcconfig */,
			);
			path = Pods;
			sourceTree = "<group>";
		};
		794E0D3F26D6759C00EE14E2 /* Onboarding Scene */ = {
			isa = PBXGroup;
			children = (
				794E0D4026D6761E00EE14E2 /* OnboardingP1.swift */,
				794E0D4226D698B500EE14E2 /* OnboardingP2.swift */,
				794E0D4426D69B7D00EE14E2 /* OnboardingP3.swift */,
				794E0D4626D7CEB100EE14E2 /* OnboardingPageView.swift */,
			);
			name = "Onboarding Scene";
			sourceTree = "<group>";
		};
		795AB134267A3078006308B5 /* Board */ = {
			isa = PBXGroup;
			children = (
				795AB136267A308D006308B5 /* View Models */,
				795AB135267A3085006308B5 /* View */,
			);
			path = Board;
			sourceTree = "<group>";
		};
		795AB135267A3085006308B5 /* View */ = {
			isa = PBXGroup;
			children = (
				792CCD26267CE79300E5BDE9 /* NewBoardSheet.swift */,
				79AC0D3D2689FFCB00064670 /* InsideBoardView.swift */,
				79034D092695DA5200AE97EA /* DragRelocateDelegate.swift */,
				AEE1B9DD26A7BF9600BC45FA /* PostsGridCellView.swift */,
			);
			path = View;
			sourceTree = "<group>";
		};
		795AB136267A308D006308B5 /* View Models */ = {
			isa = PBXGroup;
			children = (
				AE21AA00268BDB4D00AF3797 /* BoardListViewModel.swift */,
				AE21A9FE268BC0BF00AF3797 /* NewBoardViewModel.swift */,
				AE8CD2E2268BFC9E008DD887 /* InsideBoardViewModel.swift */,
			);
			path = "View Models";
			sourceTree = "<group>";
		};
		AE03463D26D32CA800FC103C /* Boards */ = {
			isa = PBXGroup;
			children = (
				795AB137267A30A3006308B5 /* BoardView.swift */,
				EF2D04FA2693491000B9D7E5 /* MoodBoardItemDetailsView.swift */,
				EF2D04F52693446D00B9D7E5 /* PinterestGrid.swift */,
				EF2D050526935FF200B9D7E5 /* MoodBoardView.swift */,
				EF2D05012693566100B9D7E5 /* MoodHalfModalView.swift */,
				795AB13D267B8D37006308B5 /* IdeaCell.swift */,
				EF2D04F22693446700B9D7E5 /* MoodBoardGridView.swift */,
				795AB13B267A3CCB006308B5 /* BoardCell.swift */,
			);
			path = Boards;
			sourceTree = "<group>";
		};
		AE119B5B268EC06B00327D39 /* Post Details */ = {
			isa = PBXGroup;
			children = (
				AE119B5C268EC09300327D39 /* View Models */,
				AE119B5D268EC0B400327D39 /* PostDetailsView.swift */,
				798C8A6926A85C500031F9DA /* NewPostDetailsView.swift */,
			);
			path = "Post Details";
			sourceTree = "<group>";
		};
		AE119B5C268EC09300327D39 /* View Models */ = {
			isa = PBXGroup;
			children = (
				AE119B5F268EC0D000327D39 /* PostDetailsViewModel.swift */,
			);
			path = "View Models";
			sourceTree = "<group>";
		};
		AE247DD726AB12AC0059CBEB /* Custom Date Picker */ = {
			isa = PBXGroup;
			children = (
				AE247DDF26AB12AC0059CBEB /* View Model */,
				AE247DD926AB12AC0059CBEB /* Models */,
				AE247DE826AB132C0059CBEB /* AppDatePicker.swift */,
				AE247DD826AB12AC0059CBEB /* MonthDaysView.swift */,
				AE247DDB26AB12AC0059CBEB /* MonthView.swift */,
				AE247DDC26AB12AC0059CBEB /* MonthYserPicker.swift */,
				AE247DDD26AB12AC0059CBEB /* SingleDayView.swift */,
				AE247DDE26AB12AC0059CBEB /* MonthPicker.swift */,
			);
			path = "Custom Date Picker";
			sourceTree = "<group>";
		};
		AE247DD926AB12AC0059CBEB /* Models */ = {
			isa = PBXGroup;
			children = (
				AE247DDA26AB12AC0059CBEB /* DayOfMonth.swift */,
			);
			path = Models;
			sourceTree = "<group>";
		};
		AE247DDF26AB12AC0059CBEB /* View Model */ = {
			isa = PBXGroup;
			children = (
				AE247DE026AB12AC0059CBEB /* DatePickerViewModel.swift */,
			);
			path = "View Model";
			sourceTree = "<group>";
		};
		AE3079F326D088070081948E /* Main Scene */ = {
			isa = PBXGroup;
			children = (
				AE3079F426D088300081948E /* Account Scene */,
				AE3079F526D088420081948E /* Calendar Scene */,
				AE3079F626D0884D0081948E /* Ideas Scene */,
			);
			path = "Main Scene";
			sourceTree = "<group>";
		};
		AE3079F426D088300081948E /* Account Scene */ = {
			isa = PBXGroup;
			children = (
				795AB134267A3078006308B5 /* Board */,
				EF745777268A1A11004A6C60 /* Create Post */,
				AE119B5B268EC06B00327D39 /* Post Details */,
				AED4845E269D88E500890E91 /* Edit Board */,
				AE6C8BA326D88ED7003D2940 /* Profile  */,
			);
			path = "Account Scene";
			sourceTree = "<group>";
		};
		AE3079F526D088420081948E /* Calendar Scene */ = {
			isa = PBXGroup;
			children = (
				AE5B70502678EC9E00AFF32E /* Calendar */,
			);
			path = "Calendar Scene";
			sourceTree = "<group>";
		};
		AE3079F626D0884D0081948E /* Ideas Scene */ = {
			isa = PBXGroup;
			children = (
				AE3EB5CB26976CDC0093AF7C /* Ideas */,
				AE3EB5D826976CE60093AF7C /* Create Idea */,
				AEC80ED3269C14F10091F229 /* Edit Idea */,
			);
			path = "Ideas Scene";
			sourceTree = "<group>";
		};
		AE3079F726D0B6470081948E /* Unused Scenes */ = {
			isa = PBXGroup;
			children = (
				AE03463D26D32CA800FC103C /* Boards */,
				AE3EB5DC26976CE60093AF7C /* CreatePasteScene */,
				AEC80ED9269C488D0091F229 /* EditPaste */,
				AE3EB5C526976CBC0093AF7C /* PasteDetails */,
				EF1DD15C267A5234005A3A1C /* Profile */,
				EFA0B8FF2684E023009545B2 /* Notifications */,
			);
			path = "Unused Scenes";
			sourceTree = "<group>";
		};
		AE37BC312683BA8700258D8B /* Shared Views */ = {
			isa = PBXGroup;
			children = (
				AE37BC322683BA9C00258D8B /* AsyncImage.swift */,
				AE37BC342683BC4800258D8B /* UserProfileGridView.swift */,
				AE37BC362683BC9A00258D8B /* TestViewModel.swift */,
				AE37BC382683BCE000258D8B /* TestWebView.swift */,
				AE8A5209268B8C7100E14EBD /* BlurView.swift */,
				AE8A520B268B8D9F00E14EBD /* ImagePicker.swift */,
				AE119B61268EC0FC00327D39 /* FirebaseImage.swift */,
				AED48458269D5EE700890E91 /* ProgressBar.swift */,
				AED48456269D5EE100890E91 /* LoadingView.swift */,
				AED4845A269D5EEF00890E91 /* ActivityIndicator.swift */,
				AE3EB5C326976C7E0093AF7C /* HalfModalView.swift */,
				AED4845C269D69D600890E91 /* ProgressBarView.swift */,
				AE66B14F26B77176007518AC /* BoardMenuButton.swift */,
				AECFA5F426DF294D00728494 /* BoardImageView.swift */,
				AECB11A526BA35220007BB2C /* CornerShapeView.swift */,
				795E180626BC3CC400EEE63B /* ErrorMessage.swift */,
				795E180226BC253900EEE63B /* LoadingPhotosView.swift */,
				795E180426BC3B5D00EEE63B /* LoadingPost.swift */,
				7913D51B26C40DFA008EA7C1 /* ErrorMissingInformation.swift */,
				793F903F26D7EA7A00436B44 /* Error6charecterPasswd.swift */,
				AE6C8BA526D88ED7003D2940 /* BottomSheetView.swift */,
				AE6C8BA426D88ED7003D2940 /* TestProfileSheet.swift */,
			);
			path = "Shared Views";
			sourceTree = "<group>";
		};
		AE380BE726E05B6800487D3C /* View Model */ = {
			isa = PBXGroup;
			children = (
				AECFA5F226DF28E400728494 /* AddProfileViewModel.swift */,
				AE380BE826E05B7D00487D3C /* EditProfileViewModel.swift */,
			);
			path = "View Model";
			sourceTree = "<group>";
		};
		AE3C43A32693F35400013F79 /* Utils */ = {
			isa = PBXGroup;
			children = (
				AE3C43A82693FAAD00013F79 /* SFProDisplay-Medium.ttf */,
				AE3C43A92693FAAD00013F79 /* SFProDisplay-Regular.ttf */,
				AE3C43AA2693FAAD00013F79 /* SFProDisplay-Semibold.ttf */,
				AE3C43A12693F34200013F79 /* cocon-bold.otf */,
			);
			path = Utils;
			sourceTree = "<group>";
		};
		AE3EB5C526976CBC0093AF7C /* PasteDetails */ = {
			isa = PBXGroup;
			children = (
				AE3EB5C626976CBC0093AF7C /* View Models */,
				AE3EB5C826976CBC0093AF7C /* PastesDetailsView.swift */,
			);
			path = PasteDetails;
			sourceTree = "<group>";
		};
		AE3EB5C626976CBC0093AF7C /* View Models */ = {
			isa = PBXGroup;
			children = (
				AE3EB5C726976CBC0093AF7C /* PasteDetailsViewModel.swift */,
			);
			path = "View Models";
			sourceTree = "<group>";
		};
		AE3EB5CB26976CDC0093AF7C /* Ideas */ = {
			isa = PBXGroup;
			children = (
				AE3EB5CC26976CDC0093AF7C /* VIew Models */,
				AE3EB5CE26976CDC0093AF7C /* View */,
			);
			path = Ideas;
			sourceTree = "<group>";
		};
		AE3EB5CC26976CDC0093AF7C /* VIew Models */ = {
			isa = PBXGroup;
			children = (
				AE3EB5CD26976CDC0093AF7C /* IdeaViewModel.swift */,
			);
			path = "VIew Models";
			sourceTree = "<group>";
		};
		AE3EB5CE26976CDC0093AF7C /* View */ = {
			isa = PBXGroup;
			children = (
				AE3EB5CF26976CDC0093AF7C /* IdeaView.swift */,
				AE3EB5D026976CDC0093AF7C /* SearchView.swift */,
				AE3EB5D126976CDC0093AF7C /* EditSheet.swift */,
				AE3EB5D226976CDC0093AF7C /* RenameSheet.swift */,
			);
			path = View;
			sourceTree = "<group>";
		};
		AE3EB5D826976CE60093AF7C /* Create Idea */ = {
			isa = PBXGroup;
			children = (
				AE3EB5D926976CE60093AF7C /* View Models */,
				AE3EB5DB26976CE60093AF7C /* CreateIdeaSceneView.swift */,
			);
			path = "Create Idea";
			sourceTree = "<group>";
		};
		AE3EB5D926976CE60093AF7C /* View Models */ = {
			isa = PBXGroup;
			children = (
				AE3EB5DA26976CE60093AF7C /* CreateIdeaSceneViewModel.swift */,
			);
			path = "View Models";
			sourceTree = "<group>";
		};
		AE3EB5DC26976CE60093AF7C /* CreatePasteScene */ = {
			isa = PBXGroup;
			children = (
				AE3EB5DD26976CE60093AF7C /* CreatePasteView.swift */,
			);
			path = CreatePasteScene;
			sourceTree = "<group>";
		};
		AE590B8326779DA4000101AF /* Domain */ = {
			isa = PBXGroup;
			children = (
				AE5B70552678F5F000AFF32E /* Extensions */,
				AE5B704F2678EB1A00AFF32E /* Models */,
				AE590B8526779DC2000101AF /* Services */,
			);
			path = Domain;
			sourceTree = "<group>";
		};
		AE590B8526779DC2000101AF /* Services */ = {
			isa = PBXGroup;
			children = (
				AE3EB5E126976D090093AF7C /* DeviceDataPersistenceService.swift */,
				AE590B8626779E2B000101AF /* SocialNetworkService.swift */,
				AE590B8826779E7F000101AF /* UserNotificationService.swift */,
				AED6CF7D26897E2300870BB2 /* AuthService.swift */,
			);
			path = Services;
			sourceTree = "<group>";
		};
		AE5B704A2678EAD400AFF32E /* UI */ = {
			isa = PBXGroup;
			children = (
				AE3C43A32693F35400013F79 /* Utils */,
				AE37BC312683BA8700258D8B /* Shared Views */,
				AE5B704B2678EAE000AFF32E /* Scenes */,
			);
			path = UI;
			sourceTree = "<group>";
		};
		AE5B704B2678EAE000AFF32E /* Scenes */ = {
			isa = PBXGroup;
			children = (
				AED6CF7F26897EA700870BB2 /* Authentication Scene */,
				794E0D3F26D6759C00EE14E2 /* Onboarding Scene */,
				AE3079F326D088070081948E /* Main Scene */,
				AEB7B6A926BD15C800850114 /* Confirm Shared Post */,
				AEFFA800269025E800A86786 /* MainTabBar */,
				AE3079F726D0B6470081948E /* Unused Scenes */,
			);
			path = Scenes;
			sourceTree = "<group>";
		};
		AE5B704D2678EAF900AFF32E /* Data */ = {
			isa = PBXGroup;
			children = (
				AE5B704E2678EB0700AFF32E /* Repositories */,
			);
			path = Data;
			sourceTree = "<group>";
		};
		AE5B704E2678EB0700AFF32E /* Repositories */ = {
			isa = PBXGroup;
			children = (
				AED6CF7326897CE400870BB2 /* UserProfileRepository.swift */,
				AED6CF7526897D2A00870BB2 /* BoardRepository.swift */,
				AE799667268E778F00AD80F4 /* ImagesRepository.swift */,
				AE3079F826D0BA7C0081948E /* LocalRepository.swift */,
			);
			path = Repositories;
			sourceTree = "<group>";
		};
		AE5B704F2678EB1A00AFF32E /* Models */ = {
			isa = PBXGroup;
			children = (
				AED6CF7726897D5E00870BB2 /* User.swift */,
				AED6CF7926897D6900870BB2 /* Board.swift */,
				AED6CF7B26897D7300870BB2 /* Post.swift */,
			);
			path = Models;
			sourceTree = "<group>";
		};
		AE5B70502678EC9E00AFF32E /* Calendar */ = {
			isa = PBXGroup;
			children = (
				AE5B70522678EDC700AFF32E /* View Models */,
				AE5B70512678EDB500AFF32E /* Views */,
			);
			path = Calendar;
			sourceTree = "<group>";
		};
		AE5B70512678EDB500AFF32E /* Views */ = {
			isa = PBXGroup;
			children = (
				AE247DD726AB12AC0059CBEB /* Custom Date Picker */,
				AE5B70532678EDFC00AFF32E /* CalendarPageView.swift */,
				AE3A8370267998540016F435 /* BottonSheet.swift */,
				AE647215267B942E009E5789 /* BottonSheetListCell.swift */,
				AE37BC2F2683BA4400258D8B /* AddNewEventView.swift */,
				AE562EEB26CC0DC600B49226 /* ScheduledPostDetails.swift */,
				AEAB4EF026CFE96600918DE5 /* EmptyScheduledPostsCard.swift */,
			);
			path = Views;
			sourceTree = "<group>";
		};
		AE5B70522678EDC700AFF32E /* View Models */ = {
			isa = PBXGroup;
			children = (
				AEFFA7FE2690243C00A86786 /* CalendarPageViewModel.swift */,
			);
			path = "View Models";
			sourceTree = "<group>";
		};
		AE5B70552678F5F000AFF32E /* Extensions */ = {
			isa = PBXGroup;
			children = (
				AE247DEA26AB13870059CBEB /* StringExtension.swift */,
				AE5B70562678F5FF00AFF32E /* CalendarExtensions.swift */,
				AE647213267B93F5009E5789 /* TextViewExtension.swift */,
				AE8A5207268B834000E14EBD /* ViewExtension.swift */,
				79098F92268E189B0033B758 /* UIImageExtension.swift */,
				AE3C43A62693F72B00013F79 /* UiColorExtension.swift */,
				AE3C43AE2693FBC200013F79 /* FontExtension.swift */,
				79034D0B269634CC00AE97EA /* UIApplicationExtension.swift */,
			);
			path = Extensions;
			sourceTree = "<group>";
		};
		AE5D3224269547C1002BD62F /* View Models */ = {
			isa = PBXGroup;
			children = (
				AE5D3222269542FC002BD62F /* SignInViewModel.swift */,
				AE5D32252695481F002BD62F /* SignUpViewModel.swift */,
				AE5D322826955BCA002BD62F /* AuthenticationViewModel.swift */,
			);
			path = "View Models";
			sourceTree = "<group>";
		};
		AE6C8BA326D88ED7003D2940 /* Profile  */ = {
			isa = PBXGroup;
			children = (
				AE380BE726E05B6800487D3C /* View Model */,
				AE6C8BA726D88ED7003D2940 /* ProfileSheet.swift */,
				793F903D26D7E8AC00436B44 /* AddProfileView.swift */,
				AE6C8BA626D88ED7003D2940 /* ProfileListCellView.swift */,
				AE380BE526E05B2900487D3C /* EditProfileView.swift */,
			);
			path = "Profile ";
			sourceTree = "<group>";
		};
		AE8A5204268B7D8800E14EBD /* ViewModel */ = {
			isa = PBXGroup;
			children = (
				AE8A5205268B7D9E00E14EBD /* CreatePostViewModel.swift */,
			);
			path = ViewModel;
			sourceTree = "<group>";
		};
		AEB7B6A926BD15C800850114 /* Confirm Shared Post */ = {
			isa = PBXGroup;
			children = (
				AEB7B6AA26BD15C800850114 /* SharePostView.swift */,
				AEB7B6AB26BD15C800850114 /* View Model */,
			);
			path = "Confirm Shared Post";
			sourceTree = "<group>";
		};
		AEB7B6AB26BD15C800850114 /* View Model */ = {
			isa = PBXGroup;
			children = (
				AEB7B6AC26BD15C800850114 /* SharePostViewModel.swift */,
			);
			path = "View Model";
			sourceTree = "<group>";
		};
		AEC80ED3269C14F10091F229 /* Edit Idea */ = {
			isa = PBXGroup;
			children = (
				AEC80ED6269C15220091F229 /* View Models */,
				AEC80ED4269C15180091F229 /* EditIdeaView.swift */,
			);
			path = "Edit Idea";
			sourceTree = "<group>";
		};
		AEC80ED6269C15220091F229 /* View Models */ = {
			isa = PBXGroup;
			children = (
				AEC80ED7269C15350091F229 /* EditIdeaViewModel.swift */,
			);
			path = "View Models";
			sourceTree = "<group>";
		};
		AEC80ED9269C488D0091F229 /* EditPaste */ = {
			isa = PBXGroup;
			children = (
				AEC80EDA269C48AC0091F229 /* EditPasteView.swift */,
			);
			path = EditPaste;
			sourceTree = "<group>";
		};
		AED4845E269D88E500890E91 /* Edit Board */ = {
			isa = PBXGroup;
			children = (
				AED48461269D892400890E91 /* View Models */,
				AED4845F269D88FB00890E91 /* EditBoardView.swift */,
			);
			path = "Edit Board";
			sourceTree = "<group>";
		};
		AED48461269D892400890E91 /* View Models */ = {
			isa = PBXGroup;
			children = (
				AED48462269D893900890E91 /* EditBoardViewModel.swift */,
			);
			path = "View Models";
			sourceTree = "<group>";
		};
		AED6CF7F26897EA700870BB2 /* Authentication Scene */ = {
			isa = PBXGroup;
			children = (
				AE5D3224269547C1002BD62F /* View Models */,
				AED6CF8026897ED200870BB2 /* AuthenticationWrapperView.swift */,
				79747F5F269348B7004BAAC9 /* LoginView.swift */,
				79747F61269362EB004BAAC9 /* RegisterView.swift */,
				AE3EB5E3269770860093AF7C /* AuthenticationView.swift */,
			);
			path = "Authentication Scene";
			sourceTree = "<group>";
		};
		AEFFA800269025E800A86786 /* MainTabBar */ = {
			isa = PBXGroup;
			children = (
				AEFFA8012690261900A86786 /* TabBarScene.swift */,
			);
			path = MainTabBar;
			sourceTree = "<group>";
		};
		EF1DD15C267A5234005A3A1C /* Profile */ = {
			isa = PBXGroup;
			children = (
				EFF910E42695DBC800D16D0D /* ProfileMvp */,
			);
			path = Profile;
			sourceTree = "<group>";
		};
		EF30C35326779A9A00DB7644 = {
			isa = PBXGroup;
			children = (
				EF1A395E26C29C2E000550D9 /* GoogleService-Info.plist */,
				EF30C35E26779A9A00DB7644 /* Marketeiros */,
				EF30C35D26779A9A00DB7644 /* Products */,
				10005C22C7FC71B65BB25C07 /* Pods */,
				057BF313A1E350C2D2DD52EC /* Frameworks */,
			);
			sourceTree = "<group>";
		};
		EF30C35D26779A9A00DB7644 /* Products */ = {
			isa = PBXGroup;
			children = (
				EF30C35C26779A9A00DB7644 /* Plani.app */,
			);
			name = Products;
			sourceTree = "<group>";
		};
		EF30C35E26779A9A00DB7644 /* Marketeiros */ = {
			isa = PBXGroup;
			children = (
				AE5D322726955864002BD62F /* Marketeiros.entitlements */,
				AE5B704D2678EAF900AFF32E /* Data */,
				AE5B704A2678EAD400AFF32E /* UI */,
				AE590B8326779DA4000101AF /* Domain */,
				EF30C35F26779A9A00DB7644 /* MarketeirosApp.swift */,
				79034D16269C701300AE97EA /* Localizable.strings */,
				EF30C36326779A9A00DB7644 /* Assets.xcassets */,
				EF30C36826779A9B00DB7644 /* Info.plist */,
				EF30C36526779A9A00DB7644 /* Preview Content */,
			);
			path = Marketeiros;
			sourceTree = "<group>";
		};
		EF30C36526779A9A00DB7644 /* Preview Content */ = {
			isa = PBXGroup;
			children = (
				EF30C36626779A9A00DB7644 /* Preview Assets.xcassets */,
			);
			path = "Preview Content";
			sourceTree = "<group>";
		};
		EF745777268A1A11004A6C60 /* Create Post */ = {
			isa = PBXGroup;
			children = (
				AE8A5204268B7D8800E14EBD /* ViewModel */,
				EF745779268A1A4F004A6C60 /* CreatePostUIView.swift */,
			);
			path = "Create Post";
			sourceTree = "<group>";
		};
		EFA0B8FF2684E023009545B2 /* Notifications */ = {
			isa = PBXGroup;
			children = (
				EFA0B9002684E037009545B2 /* NotificationsUIView.swift */,
			);
			path = Notifications;
			sourceTree = "<group>";
		};
		EFF910E42695DBC800D16D0D /* ProfileMvp */ = {
			isa = PBXGroup;
			children = (
				EFF910E52695DBFB00D16D0D /* ProfileView.swift */,
				EFF910E92695EDF300D16D0D /* NotificationsDetailsView.swift */,
				EFF910EC2695F88400D16D0D /* AboutView.swift */,
				EFF910EF2695FB2100D16D0D /* UserDetailsView.swift */,
				EF8646C026974BAC0037DAB1 /* HelpView.swift */,
			);
			path = ProfileMvp;
			sourceTree = "<group>";
		};
/* End PBXGroup section */

/* Begin PBXNativeTarget section */
		EF30C35B26779A9A00DB7644 /* Marketeiros */ = {
			isa = PBXNativeTarget;
			buildConfigurationList = EF30C36B26779A9B00DB7644 /* Build configuration list for PBXNativeTarget "Marketeiros" */;
			buildPhases = (
				D100D83CAEA2EBB4D6E7BBD7 /* [CP] Check Pods Manifest.lock */,
				EF30C35826779A9A00DB7644 /* Sources */,
				EF30C35926779A9A00DB7644 /* Frameworks */,
				EF30C35A26779A9A00DB7644 /* Resources */,
				0BF7E9D6E984FB13040F074D /* [CP] Embed Pods Frameworks */,
			);
			buildRules = (
			);
			dependencies = (
			);
			name = Marketeiros;
			productName = Marketeiros;
			productReference = EF30C35C26779A9A00DB7644 /* Plani.app */;
			productType = "com.apple.product-type.application";
		};
/* End PBXNativeTarget section */

/* Begin PBXProject section */
		EF30C35426779A9A00DB7644 /* Project object */ = {
			isa = PBXProject;
			attributes = {
				LastSwiftUpdateCheck = 1220;
				LastUpgradeCheck = 1220;
				TargetAttributes = {
					EF30C35B26779A9A00DB7644 = {
						CreatedOnToolsVersion = 12.2;
					};
				};
			};
			buildConfigurationList = EF30C35726779A9A00DB7644 /* Build configuration list for PBXProject "Marketeiros" */;
			compatibilityVersion = "Xcode 9.3";
			developmentRegion = en;
			hasScannedForEncodings = 0;
			knownRegions = (
				en,
				Base,
				"pt-BR",
			);
			mainGroup = EF30C35326779A9A00DB7644;
			productRefGroup = EF30C35D26779A9A00DB7644 /* Products */;
			projectDirPath = "";
			projectRoot = "";
			targets = (
				EF30C35B26779A9A00DB7644 /* Marketeiros */,
			);
		};
/* End PBXProject section */

/* Begin PBXResourcesBuildPhase section */
		EF30C35A26779A9A00DB7644 /* Resources */ = {
			isa = PBXResourcesBuildPhase;
			buildActionMask = 2147483647;
			files = (
				EF30C36726779A9A00DB7644 /* Preview Assets.xcassets in Resources */,
				EF1A395F26C29C2E000550D9 /* GoogleService-Info.plist in Resources */,
				AE3C43A22693F34200013F79 /* cocon-bold.otf in Resources */,
				AE3C43AD2693FAAD00013F79 /* SFProDisplay-Semibold.ttf in Resources */,
				EF30C36426779A9A00DB7644 /* Assets.xcassets in Resources */,
				AE3C43AC2693FAAD00013F79 /* SFProDisplay-Regular.ttf in Resources */,
				79034D14269C701300AE97EA /* Localizable.strings in Resources */,
				AE3C43AB2693FAAD00013F79 /* SFProDisplay-Medium.ttf in Resources */,
			);
			runOnlyForDeploymentPostprocessing = 0;
		};
/* End PBXResourcesBuildPhase section */

/* Begin PBXShellScriptBuildPhase section */
		0BF7E9D6E984FB13040F074D /* [CP] Embed Pods Frameworks */ = {
			isa = PBXShellScriptBuildPhase;
			buildActionMask = 2147483647;
			files = (
			);
			inputFileListPaths = (
				"${PODS_ROOT}/Target Support Files/Pods-Marketeiros/Pods-Marketeiros-frameworks-${CONFIGURATION}-input-files.xcfilelist",
			);
			name = "[CP] Embed Pods Frameworks";
			outputFileListPaths = (
				"${PODS_ROOT}/Target Support Files/Pods-Marketeiros/Pods-Marketeiros-frameworks-${CONFIGURATION}-output-files.xcfilelist",
			);
			runOnlyForDeploymentPostprocessing = 0;
			shellPath = /bin/sh;
			shellScript = "\"${PODS_ROOT}/Target Support Files/Pods-Marketeiros/Pods-Marketeiros-frameworks.sh\"\n";
			showEnvVarsInLog = 0;
		};
		D100D83CAEA2EBB4D6E7BBD7 /* [CP] Check Pods Manifest.lock */ = {
			isa = PBXShellScriptBuildPhase;
			buildActionMask = 2147483647;
			files = (
			);
			inputFileListPaths = (
			);
			inputPaths = (
				"${PODS_PODFILE_DIR_PATH}/Podfile.lock",
				"${PODS_ROOT}/Manifest.lock",
			);
			name = "[CP] Check Pods Manifest.lock";
			outputFileListPaths = (
			);
			outputPaths = (
				"$(DERIVED_FILE_DIR)/Pods-Marketeiros-checkManifestLockResult.txt",
			);
			runOnlyForDeploymentPostprocessing = 0;
			shellPath = /bin/sh;
			shellScript = "diff \"${PODS_PODFILE_DIR_PATH}/Podfile.lock\" \"${PODS_ROOT}/Manifest.lock\" > /dev/null\nif [ $? != 0 ] ; then\n    # print error to STDERR\n    echo \"error: The sandbox is not in sync with the Podfile.lock. Run 'pod install' or update your CocoaPods installation.\" >&2\n    exit 1\nfi\n# This output is used by Xcode 'outputs' to avoid re-running this script phase.\necho \"SUCCESS\" > \"${SCRIPT_OUTPUT_FILE_0}\"\n";
			showEnvVarsInLog = 0;
		};
/* End PBXShellScriptBuildPhase section */

/* Begin PBXSourcesBuildPhase section */
		EF30C35826779A9A00DB7644 /* Sources */ = {
			isa = PBXSourcesBuildPhase;
			buildActionMask = 2147483647;
			files = (
				EFF910ED2695F88400D16D0D /* AboutView.swift in Sources */,
				AEC80ED5269C15180091F229 /* EditIdeaView.swift in Sources */,
				AED48460269D88FB00890E91 /* EditBoardView.swift in Sources */,
				AED6CF7426897CE400870BB2 /* UserProfileRepository.swift in Sources */,
				793F903E26D7E8AC00436B44 /* AddProfileView.swift in Sources */,
				AED6CF7E26897E2300870BB2 /* AuthService.swift in Sources */,
				AE37BC372683BC9A00258D8B /* TestViewModel.swift in Sources */,
				AE562EEC26CC0DC600B49226 /* ScheduledPostDetails.swift in Sources */,
				AE3EB5C426976C7E0093AF7C /* HalfModalView.swift in Sources */,
				AE37BC302683BA4400258D8B /* AddNewEventView.swift in Sources */,
				795E180726BC3CC400EEE63B /* ErrorMessage.swift in Sources */,
				AE247DE226AB12AC0059CBEB /* DayOfMonth.swift in Sources */,
				EF74577A268A1A4F004A6C60 /* CreatePostUIView.swift in Sources */,
				AE647214267B93F5009E5789 /* TextViewExtension.swift in Sources */,
				794E0D4726D7CEB100EE14E2 /* OnboardingPageView.swift in Sources */,
				794E0D4126D6761E00EE14E2 /* OnboardingP1.swift in Sources */,
				AE247DE726AB12AC0059CBEB /* DatePickerViewModel.swift in Sources */,
				79AC0D3E2689FFCB00064670 /* InsideBoardView.swift in Sources */,
				AED48463269D893900890E91 /* EditBoardViewModel.swift in Sources */,
				AED48459269D5EE700890E91 /* ProgressBar.swift in Sources */,
				AE3EB5D526976CDC0093AF7C /* SearchView.swift in Sources */,
				EF2D050626935FF200B9D7E5 /* MoodBoardView.swift in Sources */,
				EF2D04FB2693491000B9D7E5 /* MoodBoardItemDetailsView.swift in Sources */,
				AE8A520C268B8D9F00E14EBD /* ImagePicker.swift in Sources */,
				AECFA5F326DF28E400728494 /* AddProfileViewModel.swift in Sources */,
				AE8A5208268B834000E14EBD /* ViewExtension.swift in Sources */,
				AE6C8BA926D88ED7003D2940 /* BottomSheetView.swift in Sources */,
				AE3C43A72693F72B00013F79 /* UiColorExtension.swift in Sources */,
				AE6C8BAA26D88ED7003D2940 /* ProfileListCellView.swift in Sources */,
				AEB7B6AD26BD15C800850114 /* SharePostView.swift in Sources */,
				795AB13C267A3CCB006308B5 /* BoardCell.swift in Sources */,
				AE21AA01268BDB4D00AF3797 /* BoardListViewModel.swift in Sources */,
				AE5D322926955BCA002BD62F /* AuthenticationViewModel.swift in Sources */,
				AE66B15026B77176007518AC /* BoardMenuButton.swift in Sources */,
				AE119B60268EC0D000327D39 /* PostDetailsViewModel.swift in Sources */,
				AE3C43AF2693FBC200013F79 /* FontExtension.swift in Sources */,
				AE3EB5D326976CDC0093AF7C /* IdeaViewModel.swift in Sources */,
				AECFA5F526DF294D00728494 /* BoardImageView.swift in Sources */,
				79098F93268E189B0033B758 /* UIImageExtension.swift in Sources */,
				AED6CF7C26897D7300870BB2 /* Post.swift in Sources */,
				AE799668268E778F00AD80F4 /* ImagesRepository.swift in Sources */,
				AE5D32262695481F002BD62F /* SignUpViewModel.swift in Sources */,
				AE37BC332683BA9C00258D8B /* AsyncImage.swift in Sources */,
				794E0D4326D698B500EE14E2 /* OnboardingP2.swift in Sources */,
				794E0D4526D69B7D00EE14E2 /* OnboardingP3.swift in Sources */,
				AE247DEB26AB13870059CBEB /* StringExtension.swift in Sources */,
				AE3A8371267998540016F435 /* BottonSheet.swift in Sources */,
				EF30C36026779A9A00DB7644 /* MarketeirosApp.swift in Sources */,
				AE380BE926E05B7D00487D3C /* EditProfileViewModel.swift in Sources */,
				AE5B70542678EDFC00AFF32E /* CalendarPageView.swift in Sources */,
				AE3EB5DE26976CE60093AF7C /* CreateIdeaSceneViewModel.swift in Sources */,
				AE647216267B942E009E5789 /* BottonSheetListCell.swift in Sources */,
				AED6CF8126897ED200870BB2 /* AuthenticationWrapperView.swift in Sources */,
				795E180326BC253900EEE63B /* LoadingPhotosView.swift in Sources */,
				AE590B8726779E2B000101AF /* SocialNetworkService.swift in Sources */,
				AE247DE926AB132C0059CBEB /* AppDatePicker.swift in Sources */,
				79034D0C269634CC00AE97EA /* UIApplicationExtension.swift in Sources */,
				79747F60269348B7004BAAC9 /* LoginView.swift in Sources */,
				AE247DE626AB12AC0059CBEB /* MonthPicker.swift in Sources */,
				AE119B62268EC0FD00327D39 /* FirebaseImage.swift in Sources */,
				AEAB4EF126CFE96600918DE5 /* EmptyScheduledPostsCard.swift in Sources */,
				792CCD27267CE79300E5BDE9 /* NewBoardSheet.swift in Sources */,
				AE3EB5DF26976CE60093AF7C /* CreateIdeaSceneView.swift in Sources */,
				7913D51C26C40DFA008EA7C1 /* ErrorMissingInformation.swift in Sources */,
				AE380BE626E05B2900487D3C /* EditProfileView.swift in Sources */,
				795AB138267A30A3006308B5 /* BoardView.swift in Sources */,
				AE5D3223269542FC002BD62F /* SignInViewModel.swift in Sources */,
				AE3EB5D426976CDC0093AF7C /* IdeaView.swift in Sources */,
				EFF910E62695DBFB00D16D0D /* ProfileView.swift in Sources */,
				AEE1B9DE26A7BF9600BC45FA /* PostsGridCellView.swift in Sources */,
				AECB11A626BA35220007BB2C /* CornerShapeView.swift in Sources */,
				EF2D04F32693446800B9D7E5 /* MoodBoardGridView.swift in Sources */,
				798C8A6A26A85C500031F9DA /* NewPostDetailsView.swift in Sources */,
				AEC80EDB269C48AC0091F229 /* EditPasteView.swift in Sources */,
				AEB7B6AE26BD15C800850114 /* SharePostViewModel.swift in Sources */,
				AED6CF7A26897D6900870BB2 /* Board.swift in Sources */,
				AE247DE126AB12AC0059CBEB /* MonthDaysView.swift in Sources */,
				EFF910EA2695EDF300D16D0D /* NotificationsDetailsView.swift in Sources */,
				AED48457269D5EE100890E91 /* LoadingView.swift in Sources */,
				AE8CD2E3268BFC9E008DD887 /* InsideBoardViewModel.swift in Sources */,
				AE8A5206268B7D9E00E14EBD /* CreatePostViewModel.swift in Sources */,
				795AB13E267B8D37006308B5 /* IdeaCell.swift in Sources */,
				AED6CF7826897D5E00870BB2 /* User.swift in Sources */,
				AE3EB5C926976CBC0093AF7C /* PasteDetailsViewModel.swift in Sources */,
				EF2D04F62693446D00B9D7E5 /* PinterestGrid.swift in Sources */,
				AE247DE326AB12AC0059CBEB /* MonthView.swift in Sources */,
				AE3EB5D626976CDC0093AF7C /* EditSheet.swift in Sources */,
				AE247DE426AB12AC0059CBEB /* MonthYserPicker.swift in Sources */,
				AE590B8926779E7F000101AF /* UserNotificationService.swift in Sources */,
				AE247DE526AB12AC0059CBEB /* SingleDayView.swift in Sources */,
				795E180526BC3B5D00EEE63B /* LoadingPost.swift in Sources */,
				AE5B70572678F5FF00AFF32E /* CalendarExtensions.swift in Sources */,
				AE3EB5E226976D090093AF7C /* DeviceDataPersistenceService.swift in Sources */,
				79747F62269362EB004BAAC9 /* RegisterView.swift in Sources */,
				AE3EB5CA26976CBC0093AF7C /* PastesDetailsView.swift in Sources */,
				AE6C8BA826D88ED7003D2940 /* TestProfileSheet.swift in Sources */,
				AED4845B269D5EEF00890E91 /* ActivityIndicator.swift in Sources */,
				AEFFA8022690261900A86786 /* TabBarScene.swift in Sources */,
				AE37BC392683BCE000258D8B /* TestWebView.swift in Sources */,
				AEC80ED8269C15350091F229 /* EditIdeaViewModel.swift in Sources */,
				AE119B5E268EC0B400327D39 /* PostDetailsView.swift in Sources */,
				AE6C8BAB26D88ED7003D2940 /* ProfileSheet.swift in Sources */,
				AE3079F926D0BA7C0081948E /* LocalRepository.swift in Sources */,
				793F904026D7EA7A00436B44 /* Error6charecterPasswd.swift in Sources */,
				AE3EB5E026976CE60093AF7C /* CreatePasteView.swift in Sources */,
				EF8646C126974BAC0037DAB1 /* HelpView.swift in Sources */,
				AEFFA7FF2690243C00A86786 /* CalendarPageViewModel.swift in Sources */,
				AED4845D269D69D600890E91 /* ProgressBarView.swift in Sources */,
				79034D0A2695DA5200AE97EA /* DragRelocateDelegate.swift in Sources */,
				EF2D05022693566100B9D7E5 /* MoodHalfModalView.swift in Sources */,
				AED6CF7626897D2A00870BB2 /* BoardRepository.swift in Sources */,
				EFF910F02695FB2100D16D0D /* UserDetailsView.swift in Sources */,
				AE8A520A268B8C7100E14EBD /* BlurView.swift in Sources */,
				EFA0B9012684E037009545B2 /* NotificationsUIView.swift in Sources */,
				AE3EB5E4269770860093AF7C /* AuthenticationView.swift in Sources */,
				AE3EB5D726976CDC0093AF7C /* RenameSheet.swift in Sources */,
				AE37BC352683BC4800258D8B /* UserProfileGridView.swift in Sources */,
				AE21A9FF268BC0BF00AF3797 /* NewBoardViewModel.swift in Sources */,
			);
			runOnlyForDeploymentPostprocessing = 0;
		};
/* End PBXSourcesBuildPhase section */

/* Begin PBXVariantGroup section */
		79034D16269C701300AE97EA /* Localizable.strings */ = {
			isa = PBXVariantGroup;
			children = (
				79034D15269C701300AE97EA /* en */,
				79034D17269C70B200AE97EA /* pt-BR */,
			);
			name = Localizable.strings;
			sourceTree = "<group>";
		};
/* End PBXVariantGroup section */

/* Begin XCBuildConfiguration section */
		EF30C36926779A9B00DB7644 /* Debug */ = {
			isa = XCBuildConfiguration;
			buildSettings = {
				ALWAYS_SEARCH_USER_PATHS = NO;
				CLANG_ANALYZER_LOCALIZABILITY_NONLOCALIZED = YES;
				CLANG_ANALYZER_NONNULL = YES;
				CLANG_ANALYZER_NUMBER_OBJECT_CONVERSION = YES_AGGRESSIVE;
				CLANG_CXX_LANGUAGE_STANDARD = "gnu++14";
				CLANG_CXX_LIBRARY = "libc++";
				CLANG_ENABLE_MODULES = YES;
				CLANG_ENABLE_OBJC_ARC = YES;
				CLANG_ENABLE_OBJC_WEAK = YES;
				CLANG_WARN_BLOCK_CAPTURE_AUTORELEASING = YES;
				CLANG_WARN_BOOL_CONVERSION = YES;
				CLANG_WARN_COMMA = YES;
				CLANG_WARN_CONSTANT_CONVERSION = YES;
				CLANG_WARN_DEPRECATED_OBJC_IMPLEMENTATIONS = YES;
				CLANG_WARN_DIRECT_OBJC_ISA_USAGE = YES_ERROR;
				CLANG_WARN_DOCUMENTATION_COMMENTS = YES;
				CLANG_WARN_EMPTY_BODY = YES;
				CLANG_WARN_ENUM_CONVERSION = YES;
				CLANG_WARN_INFINITE_RECURSION = YES;
				CLANG_WARN_INT_CONVERSION = YES;
				CLANG_WARN_NON_LITERAL_NULL_CONVERSION = YES;
				CLANG_WARN_OBJC_IMPLICIT_RETAIN_SELF = YES;
				CLANG_WARN_OBJC_LITERAL_CONVERSION = YES;
				CLANG_WARN_OBJC_ROOT_CLASS = YES_ERROR;
				CLANG_WARN_QUOTED_INCLUDE_IN_FRAMEWORK_HEADER = YES;
				CLANG_WARN_RANGE_LOOP_ANALYSIS = YES;
				CLANG_WARN_STRICT_PROTOTYPES = YES;
				CLANG_WARN_SUSPICIOUS_MOVE = YES;
				CLANG_WARN_UNGUARDED_AVAILABILITY = YES_AGGRESSIVE;
				CLANG_WARN_UNREACHABLE_CODE = YES;
				CLANG_WARN__DUPLICATE_METHOD_MATCH = YES;
				COPY_PHASE_STRIP = NO;
				DEBUG_INFORMATION_FORMAT = dwarf;
				ENABLE_STRICT_OBJC_MSGSEND = YES;
				ENABLE_TESTABILITY = YES;
				GCC_C_LANGUAGE_STANDARD = gnu11;
				GCC_DYNAMIC_NO_PIC = NO;
				GCC_NO_COMMON_BLOCKS = YES;
				GCC_OPTIMIZATION_LEVEL = 0;
				GCC_PREPROCESSOR_DEFINITIONS = (
					"DEBUG=1",
					"$(inherited)",
				);
				GCC_WARN_64_TO_32_BIT_CONVERSION = YES;
				GCC_WARN_ABOUT_RETURN_TYPE = YES_ERROR;
				GCC_WARN_UNDECLARED_SELECTOR = YES;
				GCC_WARN_UNINITIALIZED_AUTOS = YES_AGGRESSIVE;
				GCC_WARN_UNUSED_FUNCTION = YES;
				GCC_WARN_UNUSED_VARIABLE = YES;
				IPHONEOS_DEPLOYMENT_TARGET = 14.2;
				MTL_ENABLE_DEBUG_INFO = INCLUDE_SOURCE;
				MTL_FAST_MATH = YES;
				ONLY_ACTIVE_ARCH = YES;
				SDKROOT = iphoneos;
				SWIFT_ACTIVE_COMPILATION_CONDITIONS = DEBUG;
				SWIFT_ENABLE_BATCH_MODE = NO;
				SWIFT_OPTIMIZATION_LEVEL = "-Onone";
			};
			name = Debug;
		};
		EF30C36A26779A9B00DB7644 /* Release */ = {
			isa = XCBuildConfiguration;
			buildSettings = {
				ALWAYS_SEARCH_USER_PATHS = NO;
				CLANG_ANALYZER_LOCALIZABILITY_NONLOCALIZED = YES;
				CLANG_ANALYZER_NONNULL = YES;
				CLANG_ANALYZER_NUMBER_OBJECT_CONVERSION = YES_AGGRESSIVE;
				CLANG_CXX_LANGUAGE_STANDARD = "gnu++14";
				CLANG_CXX_LIBRARY = "libc++";
				CLANG_ENABLE_MODULES = YES;
				CLANG_ENABLE_OBJC_ARC = YES;
				CLANG_ENABLE_OBJC_WEAK = YES;
				CLANG_WARN_BLOCK_CAPTURE_AUTORELEASING = YES;
				CLANG_WARN_BOOL_CONVERSION = YES;
				CLANG_WARN_COMMA = YES;
				CLANG_WARN_CONSTANT_CONVERSION = YES;
				CLANG_WARN_DEPRECATED_OBJC_IMPLEMENTATIONS = YES;
				CLANG_WARN_DIRECT_OBJC_ISA_USAGE = YES_ERROR;
				CLANG_WARN_DOCUMENTATION_COMMENTS = YES;
				CLANG_WARN_EMPTY_BODY = YES;
				CLANG_WARN_ENUM_CONVERSION = YES;
				CLANG_WARN_INFINITE_RECURSION = YES;
				CLANG_WARN_INT_CONVERSION = YES;
				CLANG_WARN_NON_LITERAL_NULL_CONVERSION = YES;
				CLANG_WARN_OBJC_IMPLICIT_RETAIN_SELF = YES;
				CLANG_WARN_OBJC_LITERAL_CONVERSION = YES;
				CLANG_WARN_OBJC_ROOT_CLASS = YES_ERROR;
				CLANG_WARN_QUOTED_INCLUDE_IN_FRAMEWORK_HEADER = YES;
				CLANG_WARN_RANGE_LOOP_ANALYSIS = YES;
				CLANG_WARN_STRICT_PROTOTYPES = YES;
				CLANG_WARN_SUSPICIOUS_MOVE = YES;
				CLANG_WARN_UNGUARDED_AVAILABILITY = YES_AGGRESSIVE;
				CLANG_WARN_UNREACHABLE_CODE = YES;
				CLANG_WARN__DUPLICATE_METHOD_MATCH = YES;
				COPY_PHASE_STRIP = NO;
				DEBUG_INFORMATION_FORMAT = "dwarf-with-dsym";
				ENABLE_NS_ASSERTIONS = NO;
				ENABLE_STRICT_OBJC_MSGSEND = YES;
				GCC_C_LANGUAGE_STANDARD = gnu11;
				GCC_NO_COMMON_BLOCKS = YES;
				GCC_WARN_64_TO_32_BIT_CONVERSION = YES;
				GCC_WARN_ABOUT_RETURN_TYPE = YES_ERROR;
				GCC_WARN_UNDECLARED_SELECTOR = YES;
				GCC_WARN_UNINITIALIZED_AUTOS = YES_AGGRESSIVE;
				GCC_WARN_UNUSED_FUNCTION = YES;
				GCC_WARN_UNUSED_VARIABLE = YES;
				IPHONEOS_DEPLOYMENT_TARGET = 14.2;
				MTL_ENABLE_DEBUG_INFO = NO;
				MTL_FAST_MATH = YES;
				SDKROOT = iphoneos;
				SWIFT_COMPILATION_MODE = wholemodule;
				SWIFT_ENABLE_BATCH_MODE = NO;
				SWIFT_OPTIMIZATION_LEVEL = "-O";
				VALIDATE_PRODUCT = YES;
			};
			name = Release;
		};
		EF30C36C26779A9B00DB7644 /* Debug */ = {
			isa = XCBuildConfiguration;
			baseConfigurationReference = 70C384D510A910D381C9127C /* Pods-Marketeiros.debug.xcconfig */;
			buildSettings = {
				ASSETCATALOG_COMPILER_APPICON_NAME = AppIcon;
				ASSETCATALOG_COMPILER_GLOBAL_ACCENT_COLOR_NAME = AccentColor;
				CODE_SIGN_ENTITLEMENTS = Marketeiros/Marketeiros.entitlements;
				CODE_SIGN_IDENTITY = "Apple Development";
				CODE_SIGN_STYLE = Automatic;
				CURRENT_PROJECT_VERSION = 1;
				DEVELOPMENT_ASSET_PATHS = "\"Marketeiros/Preview Content\"";
				DEVELOPMENT_TEAM = MHP7RSV892;
				ENABLE_PREVIEWS = YES;
				INFOPLIST_FILE = Marketeiros/Info.plist;
				IPHONEOS_DEPLOYMENT_TARGET = 14.0;
				LD_RUNPATH_SEARCH_PATHS = (
					"$(inherited)",
					"@executable_path/Frameworks",
				);
				MARKETING_VERSION = 1.1;
				PRODUCT_BUNDLE_IDENTIFIER = ingratope.Marketeiros;
				PRODUCT_NAME = Plani;
				PROVISIONING_PROFILE_SPECIFIER = "";
				SWIFT_VERSION = 5.0;
				TARGETED_DEVICE_FAMILY = 1;
			};
			name = Debug;
		};
		EF30C36D26779A9B00DB7644 /* Release */ = {
			isa = XCBuildConfiguration;
			baseConfigurationReference = 973B31595F71E5ED16B930A4 /* Pods-Marketeiros.release.xcconfig */;
			buildSettings = {
				ASSETCATALOG_COMPILER_APPICON_NAME = AppIcon;
				ASSETCATALOG_COMPILER_GLOBAL_ACCENT_COLOR_NAME = AccentColor;
				CODE_SIGN_ENTITLEMENTS = Marketeiros/Marketeiros.entitlements;
				CODE_SIGN_IDENTITY = "Apple Development";
				CODE_SIGN_STYLE = Automatic;
				CURRENT_PROJECT_VERSION = 1;
				DEVELOPMENT_ASSET_PATHS = "\"Marketeiros/Preview Content\"";
				DEVELOPMENT_TEAM = MHP7RSV892;
				ENABLE_PREVIEWS = YES;
				INFOPLIST_FILE = Marketeiros/Info.plist;
				IPHONEOS_DEPLOYMENT_TARGET = 14.0;
				LD_RUNPATH_SEARCH_PATHS = (
					"$(inherited)",
					"@executable_path/Frameworks",
				);
				MARKETING_VERSION = 1.1;
				PRODUCT_BUNDLE_IDENTIFIER = ingratope.Marketeiros;
				PRODUCT_NAME = Plani;
				PROVISIONING_PROFILE_SPECIFIER = "";
				SWIFT_VERSION = 5.0;
				TARGETED_DEVICE_FAMILY = 1;
			};
			name = Release;
		};
/* End XCBuildConfiguration section */

/* Begin XCConfigurationList section */
		EF30C35726779A9A00DB7644 /* Build configuration list for PBXProject "Marketeiros" */ = {
			isa = XCConfigurationList;
			buildConfigurations = (
				EF30C36926779A9B00DB7644 /* Debug */,
				EF30C36A26779A9B00DB7644 /* Release */,
			);
			defaultConfigurationIsVisible = 0;
			defaultConfigurationName = Release;
		};
		EF30C36B26779A9B00DB7644 /* Build configuration list for PBXNativeTarget "Marketeiros" */ = {
			isa = XCConfigurationList;
			buildConfigurations = (
				EF30C36C26779A9B00DB7644 /* Debug */,
				EF30C36D26779A9B00DB7644 /* Release */,
			);
			defaultConfigurationIsVisible = 0;
			defaultConfigurationName = Release;
		};
/* End XCConfigurationList section */
	};
	rootObject = EF30C35426779A9A00DB7644 /* Project object */;
}
